// !$*UTF8*$!
{
	archiveVersion = 1;
	classes = {
	};
	objectVersion = 46;
	objects = {

/* Begin PBXBuildFile section */
		1D3623260D0F684500981E51 /* rTrackerAppDelegate.m in Sources */ = {isa = PBXBuildFile; fileRef = 1D3623250D0F684500981E51 /* rTrackerAppDelegate.m */; };
		1D60589B0D05DD56006BFB54 /* main.m in Sources */ = {isa = PBXBuildFile; fileRef = 29B97316FDCFA39411CA2CEA /* main.m */; };
		1D60589F0D05DD5A006BFB54 /* Foundation.framework in Frameworks */ = {isa = PBXBuildFile; fileRef = 1D30AB110D05D00D00671497 /* Foundation.framework */; };
		1DF5F4E00D08C38300B7A737 /* UIKit.framework in Frameworks */ = {isa = PBXBuildFile; fileRef = 1DF5F4DF0D08C38300B7A737 /* UIKit.framework */; };
		2892E4100DC94CBA00A64D0F /* CoreGraphics.framework in Frameworks */ = {isa = PBXBuildFile; fileRef = 2892E40F0DC94CBA00A64D0F /* CoreGraphics.framework */; };
		28C286E10D94DF7D0034E888 /* RootViewController.m in Sources */ = {isa = PBXBuildFile; fileRef = 28C286E00D94DF7D0034E888 /* RootViewController.m */; };
		D40518B713787B5500F001BA /* QuartzCore.framework in Frameworks */ = {isa = PBXBuildFile; fileRef = D40518B613787B5500F001BA /* QuartzCore.framework */; };
		D40B400D14EF124800828B90 /* Attitude_in.plist in Resources */ = {isa = PBXBuildFile; fileRef = D40B400814EF124800828B90 /* Attitude_in.plist */; };
		D40B400E14EF124800828B90 /* Car_in.plist in Resources */ = {isa = PBXBuildFile; fileRef = D40B400914EF124800828B90 /* Car_in.plist */; };
		D40B400F14EF124800828B90 /* Exercise_in.plist in Resources */ = {isa = PBXBuildFile; fileRef = D40B400A14EF124800828B90 /* Exercise_in.plist */; };
		D40B401014EF124800828B90 /* Sleep_in.plist in Resources */ = {isa = PBXBuildFile; fileRef = D40B400B14EF124800828B90 /* Sleep_in.plist */; };
		D40B401114EF124800828B90 /* Weight stats_in.plist in Resources */ = {isa = PBXBuildFile; fileRef = D40B400C14EF124800828B90 /* Weight stats_in.plist */; };
		D40B401314EF133600828B90 /* Menus & Guests_in.plist in Resources */ = {isa = PBXBuildFile; fileRef = D40B401214EF133600828B90 /* Menus & Guests_in.plist */; };
		D40B401414EF133600828B90 /* Menus & Guests_in.plist in Resources */ = {isa = PBXBuildFile; fileRef = D40B401214EF133600828B90 /* Menus & Guests_in.plist */; };
		D40DC290133BEC3F00023D5D /* rTracker-resource.m in Sources */ = {isa = PBXBuildFile; fileRef = D40DC28F133BEC3600023D5D /* rTracker-resource.m */; };
		D427446A1438B8090011EFE6 /* iTunesArtwork in Resources */ = {isa = PBXBuildFile; fileRef = D42744691438B8090011EFE6 /* iTunesArtwork */; };
		D42744711438B84E0011EFE6 /* Icon-72.png in Resources */ = {isa = PBXBuildFile; fileRef = D427446D1438B84E0011EFE6 /* Icon-72.png */; };
		D42744731438B84E0011EFE6 /* Icon-Small-50.png in Resources */ = {isa = PBXBuildFile; fileRef = D427446F1438B84E0011EFE6 /* Icon-Small-50.png */; };
		D42744741438B84E0011EFE6 /* Icon-Small.png in Resources */ = {isa = PBXBuildFile; fileRef = D42744701438B84E0011EFE6 /* Icon-Small.png */; };
		D42744761438B86A0011EFE6 /* Icon@2x.png in Resources */ = {isa = PBXBuildFile; fileRef = D42744751438B86A0011EFE6 /* Icon@2x.png */; };
		D431F37114883A6600E2608A /* rt-types.plist in Resources */ = {isa = PBXBuildFile; fileRef = D4FF224712304E050047518A /* rt-types.plist */; };
		D431F37314883A6600E2608A /* blueButton.png in Resources */ = {isa = PBXBuildFile; fileRef = D4C52109123F9DF700554627 /* blueButton.png */; };
		D431F37514883A6600E2608A /* checked.png in Resources */ = {isa = PBXBuildFile; fileRef = D4D7DCEA125B25E00049EB93 /* checked.png */; };
		D431F37614883A6600E2608A /* unchecked.png in Resources */ = {isa = PBXBuildFile; fileRef = D4D7DCEC125B25F70049EB93 /* unchecked.png */; };
		D431F37C14883A6600E2608A /* bkgnd1-320-460.png in Resources */ = {isa = PBXBuildFile; fileRef = D44386CF13A2216800268248 /* bkgnd1-320-460.png */; };
		D431F37D14883A6600E2608A /* bkgnd-cell1-320-56.png in Resources */ = {isa = PBXBuildFile; fileRef = D44386D113A2397F00268248 /* bkgnd-cell1-320-56.png */; };
		D431F37E14883A6600E2608A /* bkgnd2-320-460.png in Resources */ = {isa = PBXBuildFile; fileRef = D44386D313A2626500268248 /* bkgnd2-320-460.png */; };
		D431F37F14883A6600E2608A /* iTunesArtwork in Resources */ = {isa = PBXBuildFile; fileRef = D42744691438B8090011EFE6 /* iTunesArtwork */; };
		D431F38014883A6600E2608A /* Icon-72.png in Resources */ = {isa = PBXBuildFile; fileRef = D427446D1438B84E0011EFE6 /* Icon-72.png */; };
		D431F38214883A6600E2608A /* Icon-Small-50.png in Resources */ = {isa = PBXBuildFile; fileRef = D427446F1438B84E0011EFE6 /* Icon-Small-50.png */; };
		D431F38314883A6600E2608A /* Icon-Small.png in Resources */ = {isa = PBXBuildFile; fileRef = D42744701438B84E0011EFE6 /* Icon-Small.png */; };
		D431F38414883A6600E2608A /* Icon@2x.png in Resources */ = {isa = PBXBuildFile; fileRef = D42744751438B86A0011EFE6 /* Icon@2x.png */; };
		D431F38814883A6600E2608A /* Default.png in Resources */ = {isa = PBXBuildFile; fileRef = D4B5E7C314478A1C002E30F2 /* Default.png */; };
		D431F38A14883A6600E2608A /* main.m in Sources */ = {isa = PBXBuildFile; fileRef = 29B97316FDCFA39411CA2CEA /* main.m */; };
		D431F38B14883A6600E2608A /* rTrackerAppDelegate.m in Sources */ = {isa = PBXBuildFile; fileRef = 1D3623250D0F684500981E51 /* rTrackerAppDelegate.m */; };
		D431F38C14883A6600E2608A /* RootViewController.m in Sources */ = {isa = PBXBuildFile; fileRef = 28C286E00D94DF7D0034E888 /* RootViewController.m */; };
		D431F38D14883A6600E2608A /* trackerList.m in Sources */ = {isa = PBXBuildFile; fileRef = D482D271114FEB5E00CE6BC8 /* trackerList.m */; };
		D431F38E14883A6600E2608A /* trackerObj.m in Sources */ = {isa = PBXBuildFile; fileRef = D482D275114FEB7500CE6BC8 /* trackerObj.m */; };
		D431F38F14883A6600E2608A /* addTrackerController.m in Sources */ = {isa = PBXBuildFile; fileRef = D4588ADB1177497200AD2106 /* addTrackerController.m */; };
		D431F39014883A6600E2608A /* tObjBase.m in Sources */ = {isa = PBXBuildFile; fileRef = D4A314A91189BB6A00F062AC /* tObjBase.m */; };
		D431F39114883A6600E2608A /* configTlistController.m in Sources */ = {isa = PBXBuildFile; fileRef = D4A317B21192B7C800F062AC /* configTlistController.m */; };
		D431F39214883A6600E2608A /* valueObj.m in Sources */ = {isa = PBXBuildFile; fileRef = D48F9E7E119AA02A00B37C93 /* valueObj.m */; };
		D431F39314883A6600E2608A /* addValObjController.m in Sources */ = {isa = PBXBuildFile; fileRef = D48F9FB0119B4CA600B37C93 /* addValObjController.m */; };
		D431F39414883A6600E2608A /* useTrackerController.m in Sources */ = {isa = PBXBuildFile; fileRef = D49854AE12312A400009E458 /* useTrackerController.m */; };
		D431F39514883A6600E2608A /* graphTrackerVC.m in Sources */ = {isa = PBXBuildFile; fileRef = D4E5FDD6125283B1004BB4EC /* graphTrackerVC.m */; };
		D431F39614883A6600E2608A /* graphTrackerV.m in Sources */ = {isa = PBXBuildFile; fileRef = D4E5FE4512529300004BB4EC /* graphTrackerV.m */; };
		D431F39714883A6600E2608A /* configTVObjVC.m in Sources */ = {isa = PBXBuildFile; fileRef = D487D7721260A77800298C1D /* configTVObjVC.m */; };
		D431F39814883A6600E2608A /* datePickerVC.m in Sources */ = {isa = PBXBuildFile; fileRef = D4BBB57E12672C94000F8467 /* datePickerVC.m */; };
		D431F39914883A6600E2608A /* voNumber.m in Sources */ = {isa = PBXBuildFile; fileRef = D4B6AE67127EC33500C036ED /* voNumber.m */; };
		D431F39A14883A6600E2608A /* voText.m in Sources */ = {isa = PBXBuildFile; fileRef = D4B6AE6C127EC34D00C036ED /* voText.m */; };
		D431F39B14883A6600E2608A /* voTextBox.m in Sources */ = {isa = PBXBuildFile; fileRef = D4B6AE71127EC35E00C036ED /* voTextBox.m */; };
		D431F39C14883A6600E2608A /* voSlider.m in Sources */ = {isa = PBXBuildFile; fileRef = D4B6AE76127EC36E00C036ED /* voSlider.m */; };
		D431F39D14883A6600E2608A /* voChoice.m in Sources */ = {isa = PBXBuildFile; fileRef = D4B6AE7B127EC38300C036ED /* voChoice.m */; };
		D431F39E14883A6600E2608A /* voBoolean.m in Sources */ = {isa = PBXBuildFile; fileRef = D4B6AE82127EC39800C036ED /* voBoolean.m */; };
		D431F39F14883A6600E2608A /* voImage.m in Sources */ = {isa = PBXBuildFile; fileRef = D4B6AE89127EC3AA00C036ED /* voImage.m */; };
		D431F3A014883A6600E2608A /* voFunction.m in Sources */ = {isa = PBXBuildFile; fileRef = D4B6AE8E127EC3BE00C036ED /* voFunction.m */; };
		D431F3A114883A6600E2608A /* voState.m in Sources */ = {isa = PBXBuildFile; fileRef = D4B6AEB5127EE24D00C036ED /* voState.m */; };
		D431F3A214883A6600E2608A /* voDataEdit.m in Sources */ = {isa = PBXBuildFile; fileRef = D4C1873E128A971000A612C4 /* voDataEdit.m */; };
		D431F3A314883A6600E2608A /* privacyV.m in Sources */ = {isa = PBXBuildFile; fileRef = D4E8F90012E8682100A2526B /* privacyV.m */; };
		D431F3A414883A6600E2608A /* tictacV.m in Sources */ = {isa = PBXBuildFile; fileRef = D4E8F90312E868A300A2526B /* tictacV.m */; };
		D431F3A514883A6600E2608A /* ppwV.m in Sources */ = {isa = PBXBuildFile; fileRef = D4E8F90612E868B700A2526B /* ppwV.m */; };
		D431F3A614883A6600E2608A /* rTracker-resource.m in Sources */ = {isa = PBXBuildFile; fileRef = D40DC28F133BEC3600023D5D /* rTracker-resource.m */; };
		D431F3A714883A6600E2608A /* CSVParser.m in Sources */ = {isa = PBXBuildFile; fileRef = D43EE367133CBF8D00737E76 /* CSVParser.m */; };
		D431F3A814883A6600E2608A /* togd.m in Sources */ = {isa = PBXBuildFile; fileRef = D4A700CC13798874005E0E23 /* togd.m */; };
		D431F3A914883A6600E2608A /* vogd.m in Sources */ = {isa = PBXBuildFile; fileRef = D4A700CF1379928D005E0E23 /* vogd.m */; };
		D431F3AA14883A6600E2608A /* gtTitleV.m in Sources */ = {isa = PBXBuildFile; fileRef = D4F02397137BFF7F0097AC16 /* gtTitleV.m */; };
		D431F3AB14883A6600E2608A /* gtXAxV.m in Sources */ = {isa = PBXBuildFile; fileRef = D4F0239A137BFFA10097AC16 /* gtXAxV.m */; };
		D431F3AC14883A6600E2608A /* gtYAxV.m in Sources */ = {isa = PBXBuildFile; fileRef = D4F0239D137BFFB30097AC16 /* gtYAxV.m */; };
		D431F3AD14883A6600E2608A /* gtVONameV.m in Sources */ = {isa = PBXBuildFile; fileRef = D4F023A0137BFFD80097AC16 /* gtVONameV.m */; };
		D431F3AE14883A6600E2608A /* dpRslt.m in Sources */ = {isa = PBXBuildFile; fileRef = D4DC23FE138404140086E5F3 /* dpRslt.m */; };
		D431F3B014883A6600E2608A /* QuartzCore.framework in Frameworks */ = {isa = PBXBuildFile; fileRef = D40518B613787B5500F001BA /* QuartzCore.framework */; };
		D431F3B114883A6600E2608A /* Foundation.framework in Frameworks */ = {isa = PBXBuildFile; fileRef = 1D30AB110D05D00D00671497 /* Foundation.framework */; };
		D431F3B214883A6600E2608A /* UIKit.framework in Frameworks */ = {isa = PBXBuildFile; fileRef = 1DF5F4DF0D08C38300B7A737 /* UIKit.framework */; };
		D431F3B314883A6600E2608A /* CoreGraphics.framework in Frameworks */ = {isa = PBXBuildFile; fileRef = 2892E40F0DC94CBA00A64D0F /* CoreGraphics.framework */; };
		D431F3B414883A6600E2608A /* libsqlite3.dylib in Frameworks */ = {isa = PBXBuildFile; fileRef = D482D1FE114F7E8900CE6BC8 /* libsqlite3.dylib */; };
		D431F3B514883A6600E2608A /* AddressBook.framework in Frameworks */ = {isa = PBXBuildFile; fileRef = D47FD5D0128C22DC00EFE8A7 /* AddressBook.framework */; };
		D431F3B614883A6600E2608A /* AddressBookUI.framework in Frameworks */ = {isa = PBXBuildFile; fileRef = D47FD5E1128C230700EFE8A7 /* AddressBookUI.framework */; };
		D431F3C614883A7E00E2608A /* addTrackerController.xib in Resources */ = {isa = PBXBuildFile; fileRef = D431F3BC14883A7E00E2608A /* addTrackerController.xib */; };
		D431F3C714883A7E00E2608A /* MainWindow.xib in Resources */ = {isa = PBXBuildFile; fileRef = D431F3BD14883A7E00E2608A /* MainWindow.xib */; };
		D431F3C814883A7E00E2608A /* configTlistController.xib in Resources */ = {isa = PBXBuildFile; fileRef = D431F3BE14883A7E00E2608A /* configTlistController.xib */; };
		D431F3C914883A7E00E2608A /* addValObjController.xib in Resources */ = {isa = PBXBuildFile; fileRef = D431F3BF14883A7E00E2608A /* addValObjController.xib */; };
		D431F3CA14883A7E00E2608A /* useTrackerController.xib in Resources */ = {isa = PBXBuildFile; fileRef = D431F3C014883A7E00E2608A /* useTrackerController.xib */; };
		D431F3CB14883A7E00E2608A /* graphTracker.xib in Resources */ = {isa = PBXBuildFile; fileRef = D431F3C114883A7E00E2608A /* graphTracker.xib */; };
		D431F3CC14883A7E00E2608A /* configTVObjVC.xib in Resources */ = {isa = PBXBuildFile; fileRef = D431F3C214883A7E00E2608A /* configTVObjVC.xib */; };
		D431F3CD14883A7E00E2608A /* datePickerVC.xib in Resources */ = {isa = PBXBuildFile; fileRef = D431F3C314883A7E00E2608A /* datePickerVC.xib */; };
		D431F3CE14883A7E00E2608A /* voDataEdit.xib in Resources */ = {isa = PBXBuildFile; fileRef = D431F3C414883A7E00E2608A /* voDataEdit.xib */; };
		D431F3CF14883A7E00E2608A /* voTBacc.xib in Resources */ = {isa = PBXBuildFile; fileRef = D431F3C514883A7E00E2608A /* voTBacc.xib */; };
		D43EE368133CBF8D00737E76 /* CSVParser.m in Sources */ = {isa = PBXBuildFile; fileRef = D43EE367133CBF8D00737E76 /* CSVParser.m */; };
		D44386D013A2216800268248 /* bkgnd1-320-460.png in Resources */ = {isa = PBXBuildFile; fileRef = D44386CF13A2216800268248 /* bkgnd1-320-460.png */; };
		D44386D213A2397F00268248 /* bkgnd-cell1-320-56.png in Resources */ = {isa = PBXBuildFile; fileRef = D44386D113A2397F00268248 /* bkgnd-cell1-320-56.png */; };
		D44386D413A2626500268248 /* bkgnd2-320-460.png in Resources */ = {isa = PBXBuildFile; fileRef = D44386D313A2626500268248 /* bkgnd2-320-460.png */; };
		D44C0DA914AE4FE100C3DEB0 /* closedview-button-blue.png in Resources */ = {isa = PBXBuildFile; fileRef = D44C0DA814AE4FE100C3DEB0 /* closedview-button-blue.png */; };
		D44C0DAB14AE4FE900C3DEB0 /* fullview-button-blue.png in Resources */ = {isa = PBXBuildFile; fileRef = D44C0DAA14AE4FE900C3DEB0 /* fullview-button-blue.png */; };
		D44C0DAD14AE4FF800C3DEB0 /* shadeview-button-blue.png in Resources */ = {isa = PBXBuildFile; fileRef = D44C0DAC14AE4FF800C3DEB0 /* shadeview-button-blue.png */; };
		D4588ADC1177497200AD2106 /* addTrackerController.m in Sources */ = {isa = PBXBuildFile; fileRef = D4588ADB1177497200AD2106 /* addTrackerController.m */; };
		D4786E65148D864C000E144A /* Icon-Small@2x.png in Resources */ = {isa = PBXBuildFile; fileRef = D4786E64148D864C000E144A /* Icon-Small@2x.png */; };
		D47FBB7F14A9E2D700CE0547 /* closedview-button.png in Resources */ = {isa = PBXBuildFile; fileRef = D47FBB7E14A9E2D700CE0547 /* closedview-button.png */; };
		D47FBB8114A9E2E300CE0547 /* fullview-button.png in Resources */ = {isa = PBXBuildFile; fileRef = D47FBB8014A9E2E300CE0547 /* fullview-button.png */; };
		D47FBB8314A9E2F100CE0547 /* shadeview-button.png in Resources */ = {isa = PBXBuildFile; fileRef = D47FBB8214A9E2F100CE0547 /* shadeview-button.png */; };
		D47FD4EE128C016600EFE8A7 /* voTBacc.xib in Resources */ = {isa = PBXBuildFile; fileRef = D47FD4ED128C016600EFE8A7 /* voTBacc.xib */; };
		D47FD5D1128C22DC00EFE8A7 /* AddressBook.framework in Frameworks */ = {isa = PBXBuildFile; fileRef = D47FD5D0128C22DC00EFE8A7 /* AddressBook.framework */; };
		D47FD5E2128C230700EFE8A7 /* AddressBookUI.framework in Frameworks */ = {isa = PBXBuildFile; fileRef = D47FD5E1128C230700EFE8A7 /* AddressBookUI.framework */; };
		D482D1FF114F7E8900CE6BC8 /* libsqlite3.dylib in Frameworks */ = {isa = PBXBuildFile; fileRef = D482D1FE114F7E8900CE6BC8 /* libsqlite3.dylib */; };
		D482D272114FEB5E00CE6BC8 /* trackerList.m in Sources */ = {isa = PBXBuildFile; fileRef = D482D271114FEB5E00CE6BC8 /* trackerList.m */; };
		D482D276114FEB7500CE6BC8 /* trackerObj.m in Sources */ = {isa = PBXBuildFile; fileRef = D482D275114FEB7500CE6BC8 /* trackerObj.m */; };
		D487D7741260A77800298C1D /* configTVObjVC.m in Sources */ = {isa = PBXBuildFile; fileRef = D487D7721260A77800298C1D /* configTVObjVC.m */; };
		D487D7751260A77800298C1D /* configTVObjVC.xib in Resources */ = {isa = PBXBuildFile; fileRef = D487D7731260A77800298C1D /* configTVObjVC.xib */; };
		D48F9E7F119AA02A00B37C93 /* valueObj.m in Sources */ = {isa = PBXBuildFile; fileRef = D48F9E7E119AA02A00B37C93 /* valueObj.m */; };
		D48F9FB2119B4CA600B37C93 /* addValObjController.m in Sources */ = {isa = PBXBuildFile; fileRef = D48F9FB0119B4CA600B37C93 /* addValObjController.m */; };
		D48F9FB3119B4CA600B37C93 /* addValObjController.xib in Resources */ = {isa = PBXBuildFile; fileRef = D48F9FB1119B4CA600B37C93 /* addValObjController.xib */; };
		D49854B012312A400009E458 /* useTrackerController.m in Sources */ = {isa = PBXBuildFile; fileRef = D49854AE12312A400009E458 /* useTrackerController.m */; };
		D49854B112312A400009E458 /* useTrackerController.xib in Resources */ = {isa = PBXBuildFile; fileRef = D49854AF12312A400009E458 /* useTrackerController.xib */; };
		D4A314AA1189BB6A00F062AC /* tObjBase.m in Sources */ = {isa = PBXBuildFile; fileRef = D4A314A91189BB6A00F062AC /* tObjBase.m */; };
		D4A3150D11903F5E00F062AC /* addTrackerController.xib in Resources */ = {isa = PBXBuildFile; fileRef = D4A3150C11903F5E00F062AC /* addTrackerController.xib */; };
		D4A316C11191987E00F062AC /* MainWindow.xib in Resources */ = {isa = PBXBuildFile; fileRef = D4A316C01191987E00F062AC /* MainWindow.xib */; };
		D4A317B41192B7C800F062AC /* configTlistController.m in Sources */ = {isa = PBXBuildFile; fileRef = D4A317B21192B7C800F062AC /* configTlistController.m */; };
		D4A317B51192B7C800F062AC /* configTlistController.xib in Resources */ = {isa = PBXBuildFile; fileRef = D4A317B31192B7C800F062AC /* configTlistController.xib */; };
		D4A700CD13798874005E0E23 /* togd.m in Sources */ = {isa = PBXBuildFile; fileRef = D4A700CC13798874005E0E23 /* togd.m */; };
		D4A700D01379928E005E0E23 /* vogd.m in Sources */ = {isa = PBXBuildFile; fileRef = D4A700CF1379928D005E0E23 /* vogd.m */; };
		D4A8D07B14F114EC0028AD03 /* Settings.bundle in Resources */ = {isa = PBXBuildFile; fileRef = D4A8D07A14F114EC0028AD03 /* Settings.bundle */; };
		D4AE7C49148C0E290085EB78 /* Default@2x.png in Resources */ = {isa = PBXBuildFile; fileRef = D4AE7C48148C0E290085EB78 /* Default@2x.png */; };
		D4B5E7C414478A1C002E30F2 /* Default.png in Resources */ = {isa = PBXBuildFile; fileRef = D4B5E7C314478A1C002E30F2 /* Default.png */; };
		D4B6AE68127EC33500C036ED /* voNumber.m in Sources */ = {isa = PBXBuildFile; fileRef = D4B6AE67127EC33500C036ED /* voNumber.m */; };
		D4B6AE6D127EC34D00C036ED /* voText.m in Sources */ = {isa = PBXBuildFile; fileRef = D4B6AE6C127EC34D00C036ED /* voText.m */; };
		D4B6AE72127EC35E00C036ED /* voTextBox.m in Sources */ = {isa = PBXBuildFile; fileRef = D4B6AE71127EC35E00C036ED /* voTextBox.m */; };
		D4B6AE77127EC36E00C036ED /* voSlider.m in Sources */ = {isa = PBXBuildFile; fileRef = D4B6AE76127EC36E00C036ED /* voSlider.m */; };
		D4B6AE7C127EC38300C036ED /* voChoice.m in Sources */ = {isa = PBXBuildFile; fileRef = D4B6AE7B127EC38300C036ED /* voChoice.m */; };
		D4B6AE83127EC39800C036ED /* voBoolean.m in Sources */ = {isa = PBXBuildFile; fileRef = D4B6AE82127EC39800C036ED /* voBoolean.m */; };
		D4B6AE8A127EC3AA00C036ED /* voImage.m in Sources */ = {isa = PBXBuildFile; fileRef = D4B6AE89127EC3AA00C036ED /* voImage.m */; };
		D4B6AE8F127EC3BE00C036ED /* voFunction.m in Sources */ = {isa = PBXBuildFile; fileRef = D4B6AE8E127EC3BE00C036ED /* voFunction.m */; };
		D4B6AEB6127EE24D00C036ED /* voState.m in Sources */ = {isa = PBXBuildFile; fileRef = D4B6AEB5127EE24D00C036ED /* voState.m */; };
		D4BBB58012672C94000F8467 /* datePickerVC.m in Sources */ = {isa = PBXBuildFile; fileRef = D4BBB57E12672C94000F8467 /* datePickerVC.m */; };
		D4BBB58112672C94000F8467 /* datePickerVC.xib in Resources */ = {isa = PBXBuildFile; fileRef = D4BBB57F12672C94000F8467 /* datePickerVC.xib */; };
		D4C18740128A971000A612C4 /* voDataEdit.m in Sources */ = {isa = PBXBuildFile; fileRef = D4C1873E128A971000A612C4 /* voDataEdit.m */; };
		D4C18741128A971000A612C4 /* voDataEdit.xib in Resources */ = {isa = PBXBuildFile; fileRef = D4C1873F128A971000A612C4 /* voDataEdit.xib */; };
		D4C5210A123F9DF700554627 /* blueButton.png in Resources */ = {isa = PBXBuildFile; fileRef = D4C52109123F9DF700554627 /* blueButton.png */; };
		D4D7DCEB125B25E00049EB93 /* checked.png in Resources */ = {isa = PBXBuildFile; fileRef = D4D7DCEA125B25E00049EB93 /* checked.png */; };
		D4D7DCED125B25F70049EB93 /* unchecked.png in Resources */ = {isa = PBXBuildFile; fileRef = D4D7DCEC125B25F70049EB93 /* unchecked.png */; };
		D4DC23FF138404140086E5F3 /* dpRslt.m in Sources */ = {isa = PBXBuildFile; fileRef = D4DC23FE138404140086E5F3 /* dpRslt.m */; };
		D4E5FDD8125283B1004BB4EC /* graphTrackerVC.m in Sources */ = {isa = PBXBuildFile; fileRef = D4E5FDD6125283B1004BB4EC /* graphTrackerVC.m */; };
		D4E5FDD9125283B1004BB4EC /* graphTracker.xib in Resources */ = {isa = PBXBuildFile; fileRef = D4E5FDD7125283B1004BB4EC /* graphTracker.xib */; };
		D4E5FE4612529300004BB4EC /* graphTrackerV.m in Sources */ = {isa = PBXBuildFile; fileRef = D4E5FE4512529300004BB4EC /* graphTrackerV.m */; };
		D4E6198914A9E16A00025CB2 /* Icon.png in Resources */ = {isa = PBXBuildFile; fileRef = D4E6198814A9E16A00025CB2 /* Icon.png */; };
		D4E8F90112E8682100A2526B /* privacyV.m in Sources */ = {isa = PBXBuildFile; fileRef = D4E8F90012E8682100A2526B /* privacyV.m */; };
		D4E8F90412E868A300A2526B /* tictacV.m in Sources */ = {isa = PBXBuildFile; fileRef = D4E8F90312E868A300A2526B /* tictacV.m */; };
		D4E8F90712E868B700A2526B /* ppwV.m in Sources */ = {isa = PBXBuildFile; fileRef = D4E8F90612E868B700A2526B /* ppwV.m */; };
		D4F02398137BFF7F0097AC16 /* gtTitleV.m in Sources */ = {isa = PBXBuildFile; fileRef = D4F02397137BFF7F0097AC16 /* gtTitleV.m */; };
		D4F0239B137BFFA10097AC16 /* gtXAxV.m in Sources */ = {isa = PBXBuildFile; fileRef = D4F0239A137BFFA10097AC16 /* gtXAxV.m */; };
		D4F0239E137BFFB40097AC16 /* gtYAxV.m in Sources */ = {isa = PBXBuildFile; fileRef = D4F0239D137BFFB30097AC16 /* gtYAxV.m */; };
		D4F023A1137BFFD80097AC16 /* gtVONameV.m in Sources */ = {isa = PBXBuildFile; fileRef = D4F023A0137BFFD80097AC16 /* gtVONameV.m */; };
		D4FF224812304E050047518A /* rt-types.plist in Resources */ = {isa = PBXBuildFile; fileRef = D4FF224712304E050047518A /* rt-types.plist */; };
/* End PBXBuildFile section */

/* Begin PBXFileReference section */
		1D30AB110D05D00D00671497 /* Foundation.framework */ = {isa = PBXFileReference; lastKnownFileType = wrapper.framework; name = Foundation.framework; path = System/Library/Frameworks/Foundation.framework; sourceTree = SDKROOT; };
		1D3623240D0F684500981E51 /* rTrackerAppDelegate.h */ = {isa = PBXFileReference; fileEncoding = 4; lastKnownFileType = sourcecode.c.h; path = rTrackerAppDelegate.h; sourceTree = "<group>"; };
		1D3623250D0F684500981E51 /* rTrackerAppDelegate.m */ = {isa = PBXFileReference; fileEncoding = 4; lastKnownFileType = sourcecode.c.objc; path = rTrackerAppDelegate.m; sourceTree = "<group>"; };
		1D6058910D05DD3D006BFB54 /* rTracker.app */ = {isa = PBXFileReference; explicitFileType = wrapper.application; includeInIndex = 0; path = rTracker.app; sourceTree = BUILT_PRODUCTS_DIR; };
		1DF5F4DF0D08C38300B7A737 /* UIKit.framework */ = {isa = PBXFileReference; lastKnownFileType = wrapper.framework; name = UIKit.framework; path = System/Library/Frameworks/UIKit.framework; sourceTree = SDKROOT; };
		2892E40F0DC94CBA00A64D0F /* CoreGraphics.framework */ = {isa = PBXFileReference; lastKnownFileType = wrapper.framework; name = CoreGraphics.framework; path = System/Library/Frameworks/CoreGraphics.framework; sourceTree = SDKROOT; };
		28A0AAE50D9B0CCF005BE974 /* rTracker_Prefix.pch */ = {isa = PBXFileReference; fileEncoding = 4; lastKnownFileType = sourcecode.c.h; path = rTracker_Prefix.pch; sourceTree = "<group>"; };
		28C286DF0D94DF7D0034E888 /* RootViewController.h */ = {isa = PBXFileReference; fileEncoding = 4; lastKnownFileType = sourcecode.c.h; path = RootViewController.h; sourceTree = "<group>"; };
		28C286E00D94DF7D0034E888 /* RootViewController.m */ = {isa = PBXFileReference; fileEncoding = 4; lastKnownFileType = sourcecode.c.objc; path = RootViewController.m; sourceTree = "<group>"; };
		29B97316FDCFA39411CA2CEA /* main.m */ = {isa = PBXFileReference; fileEncoding = 4; lastKnownFileType = sourcecode.c.objc; path = main.m; sourceTree = "<group>"; };
		8D1107310486CEB800E47090 /* Info.plist */ = {isa = PBXFileReference; fileEncoding = 4; lastKnownFileType = text.plist.xml; path = Info.plist; plistStructureDefinitionIdentifier = "com.apple.xcode.plist.structure-definition.iphone.info-plist"; sourceTree = "<group>"; };
		D40518B613787B5500F001BA /* QuartzCore.framework */ = {isa = PBXFileReference; lastKnownFileType = wrapper.framework; name = QuartzCore.framework; path = System/Library/Frameworks/QuartzCore.framework; sourceTree = SDKROOT; };
		D40B400814EF124800828B90 /* Attitude_in.plist */ = {isa = PBXFileReference; fileEncoding = 4; lastKnownFileType = text.plist.xml; name = Attitude_in.plist; path = Resources/plist/Attitude_in.plist; sourceTree = "<group>"; };
		D40B400914EF124800828B90 /* Car_in.plist */ = {isa = PBXFileReference; fileEncoding = 4; lastKnownFileType = text.plist.xml; name = Car_in.plist; path = Resources/plist/Car_in.plist; sourceTree = "<group>"; };
		D40B400A14EF124800828B90 /* Exercise_in.plist */ = {isa = PBXFileReference; fileEncoding = 4; lastKnownFileType = text.plist.xml; name = Exercise_in.plist; path = Resources/plist/Exercise_in.plist; sourceTree = "<group>"; };
		D40B400B14EF124800828B90 /* Sleep_in.plist */ = {isa = PBXFileReference; fileEncoding = 4; lastKnownFileType = text.plist.xml; name = Sleep_in.plist; path = Resources/plist/Sleep_in.plist; sourceTree = "<group>"; };
		D40B400C14EF124800828B90 /* Weight stats_in.plist */ = {isa = PBXFileReference; fileEncoding = 4; lastKnownFileType = text.plist.xml; name = "Weight stats_in.plist"; path = "Resources/plist/Weight stats_in.plist"; sourceTree = "<group>"; };
		D40B401214EF133600828B90 /* Menus & Guests_in.plist */ = {isa = PBXFileReference; fileEncoding = 4; lastKnownFileType = text.plist.xml; name = "Menus & Guests_in.plist"; path = "Resources/plist/Menus & Guests_in.plist"; sourceTree = "<group>"; };
		D40DC28E133BEC2A00023D5D /* rTracker-resource.h */ = {isa = PBXFileReference; fileEncoding = 4; lastKnownFileType = sourcecode.c.h; path = "rTracker-resource.h"; sourceTree = "<group>"; };
		D40DC28F133BEC3600023D5D /* rTracker-resource.m */ = {isa = PBXFileReference; fileEncoding = 4; lastKnownFileType = sourcecode.c.objc; path = "rTracker-resource.m"; sourceTree = "<group>"; };
		D42744691438B8090011EFE6 /* iTunesArtwork */ = {isa = PBXFileReference; lastKnownFileType = file; name = iTunesArtwork; path = Resources/png/iTunesArtwork; sourceTree = "<group>"; };
		D427446D1438B84E0011EFE6 /* Icon-72.png */ = {isa = PBXFileReference; lastKnownFileType = image.png; name = "Icon-72.png"; path = "Resources/png/Icon-72.png"; sourceTree = "<group>"; };
		D427446F1438B84E0011EFE6 /* Icon-Small-50.png */ = {isa = PBXFileReference; lastKnownFileType = image.png; name = "Icon-Small-50.png"; path = "Resources/png/Icon-Small-50.png"; sourceTree = "<group>"; };
		D42744701438B84E0011EFE6 /* Icon-Small.png */ = {isa = PBXFileReference; lastKnownFileType = image.png; name = "Icon-Small.png"; path = "Resources/png/Icon-Small.png"; sourceTree = "<group>"; };
		D42744751438B86A0011EFE6 /* Icon@2x.png */ = {isa = PBXFileReference; lastKnownFileType = image.png; name = "Icon@2x.png"; path = "Resources/png/Icon@2x.png"; sourceTree = "<group>"; };
		D427FD3F126C78D100A8ED9A /* rTracker-constants.h */ = {isa = PBXFileReference; fileEncoding = 4; lastKnownFileType = sourcecode.c.h; path = "rTracker-constants.h"; sourceTree = "<group>"; };
		D431F3061488396700E2608A /* addTrackerController.xib */ = {isa = PBXFileReference; lastKnownFileType = file.xib; name = addTrackerController.xib; path = "Resources-iPad/Resources/xib/addTrackerController.xib"; sourceTree = "<group>"; };
		D431F3071488396700E2608A /* MainWindow.xib */ = {isa = PBXFileReference; lastKnownFileType = file.xib; name = MainWindow.xib; path = "Resources-iPad/Resources/xib/MainWindow.xib"; sourceTree = "<group>"; };
		D431F3081488396700E2608A /* configTlistController.xib */ = {isa = PBXFileReference; lastKnownFileType = file.xib; name = configTlistController.xib; path = "Resources-iPad/Resources/xib/configTlistController.xib"; sourceTree = "<group>"; };
		D431F3091488396700E2608A /* addValObjController.xib */ = {isa = PBXFileReference; lastKnownFileType = file.xib; name = addValObjController.xib; path = "Resources-iPad/Resources/xib/addValObjController.xib"; sourceTree = "<group>"; };
		D431F30A1488396700E2608A /* useTrackerController.xib */ = {isa = PBXFileReference; lastKnownFileType = file.xib; name = useTrackerController.xib; path = "Resources-iPad/Resources/xib/useTrackerController.xib"; sourceTree = "<group>"; };
		D431F30B1488396700E2608A /* graphTracker.xib */ = {isa = PBXFileReference; lastKnownFileType = file.xib; name = graphTracker.xib; path = "Resources-iPad/Resources/xib/graphTracker.xib"; sourceTree = "<group>"; };
		D431F30C1488396700E2608A /* configTVObjVC.xib */ = {isa = PBXFileReference; lastKnownFileType = file.xib; name = configTVObjVC.xib; path = "Resources-iPad/Resources/xib/configTVObjVC.xib"; sourceTree = "<group>"; };
		D431F30D1488396700E2608A /* datePickerVC.xib */ = {isa = PBXFileReference; lastKnownFileType = file.xib; name = datePickerVC.xib; path = "Resources-iPad/Resources/xib/datePickerVC.xib"; sourceTree = "<group>"; };
		D431F30E1488396700E2608A /* voDataEdit.xib */ = {isa = PBXFileReference; lastKnownFileType = file.xib; name = voDataEdit.xib; path = "Resources-iPad/Resources/xib/voDataEdit.xib"; sourceTree = "<group>"; };
		D431F30F1488396700E2608A /* voTBacc.xib */ = {isa = PBXFileReference; lastKnownFileType = file.xib; name = voTBacc.xib; path = "Resources-iPad/Resources/xib/voTBacc.xib"; sourceTree = "<group>"; };
		D431F3BA14883A6600E2608A /* rTracker-iPad.app */ = {isa = PBXFileReference; explicitFileType = wrapper.application; includeInIndex = 0; path = "rTracker-iPad.app"; sourceTree = BUILT_PRODUCTS_DIR; };
		D431F3BC14883A7E00E2608A /* addTrackerController.xib */ = {isa = PBXFileReference; lastKnownFileType = file.xib; name = addTrackerController.xib; path = "Resources-iPad/Resources/xib/addTrackerController.xib"; sourceTree = "<group>"; };
		D431F3BD14883A7E00E2608A /* MainWindow.xib */ = {isa = PBXFileReference; lastKnownFileType = file.xib; name = MainWindow.xib; path = "Resources-iPad/Resources/xib/MainWindow.xib"; sourceTree = "<group>"; };
		D431F3BE14883A7E00E2608A /* configTlistController.xib */ = {isa = PBXFileReference; lastKnownFileType = file.xib; name = configTlistController.xib; path = "Resources-iPad/Resources/xib/configTlistController.xib"; sourceTree = "<group>"; };
		D431F3BF14883A7E00E2608A /* addValObjController.xib */ = {isa = PBXFileReference; lastKnownFileType = file.xib; name = addValObjController.xib; path = "Resources-iPad/Resources/xib/addValObjController.xib"; sourceTree = "<group>"; };
		D431F3C014883A7E00E2608A /* useTrackerController.xib */ = {isa = PBXFileReference; lastKnownFileType = file.xib; name = useTrackerController.xib; path = "Resources-iPad/Resources/xib/useTrackerController.xib"; sourceTree = "<group>"; };
		D431F3C114883A7E00E2608A /* graphTracker.xib */ = {isa = PBXFileReference; lastKnownFileType = file.xib; name = graphTracker.xib; path = "Resources-iPad/Resources/xib/graphTracker.xib"; sourceTree = "<group>"; };
		D431F3C214883A7E00E2608A /* configTVObjVC.xib */ = {isa = PBXFileReference; lastKnownFileType = file.xib; name = configTVObjVC.xib; path = "Resources-iPad/Resources/xib/configTVObjVC.xib"; sourceTree = "<group>"; };
		D431F3C314883A7E00E2608A /* datePickerVC.xib */ = {isa = PBXFileReference; lastKnownFileType = file.xib; name = datePickerVC.xib; path = "Resources-iPad/Resources/xib/datePickerVC.xib"; sourceTree = "<group>"; };
		D431F3C414883A7E00E2608A /* voDataEdit.xib */ = {isa = PBXFileReference; lastKnownFileType = file.xib; name = voDataEdit.xib; path = "Resources-iPad/Resources/xib/voDataEdit.xib"; sourceTree = "<group>"; };
		D431F3C514883A7E00E2608A /* voTBacc.xib */ = {isa = PBXFileReference; lastKnownFileType = file.xib; name = voTBacc.xib; path = "Resources-iPad/Resources/xib/voTBacc.xib"; sourceTree = "<group>"; };
		D43C494412FA129000B95AB7 /* gfx.h */ = {isa = PBXFileReference; fileEncoding = 4; lastKnownFileType = sourcecode.c.h; path = gfx.h; sourceTree = "<group>"; };
		D43EE366133CBF8D00737E76 /* CSVParser.h */ = {isa = PBXFileReference; fileEncoding = 4; lastKnownFileType = sourcecode.c.h; path = CSVParser.h; sourceTree = "<group>"; };
		D43EE367133CBF8D00737E76 /* CSVParser.m */ = {isa = PBXFileReference; fileEncoding = 4; lastKnownFileType = sourcecode.c.objc; path = CSVParser.m; sourceTree = "<group>"; };
		D44386CF13A2216800268248 /* bkgnd1-320-460.png */ = {isa = PBXFileReference; lastKnownFileType = image.png; name = "bkgnd1-320-460.png"; path = "Resources/png/bkgnd1-320-460.png"; sourceTree = "<group>"; };
		D44386D113A2397F00268248 /* bkgnd-cell1-320-56.png */ = {isa = PBXFileReference; lastKnownFileType = image.png; name = "bkgnd-cell1-320-56.png"; path = "Resources/png/bkgnd-cell1-320-56.png"; sourceTree = "<group>"; };
		D44386D313A2626500268248 /* bkgnd2-320-460.png */ = {isa = PBXFileReference; lastKnownFileType = image.png; name = "bkgnd2-320-460.png"; path = "Resources/png/bkgnd2-320-460.png"; sourceTree = SOURCE_ROOT; };
		D44C0DA814AE4FE100C3DEB0 /* closedview-button-blue.png */ = {isa = PBXFileReference; lastKnownFileType = image.png; name = "closedview-button-blue.png"; path = "Resources/png/closedview-button-blue.png"; sourceTree = "<group>"; };
		D44C0DAA14AE4FE900C3DEB0 /* fullview-button-blue.png */ = {isa = PBXFileReference; lastKnownFileType = image.png; name = "fullview-button-blue.png"; path = "Resources/png/fullview-button-blue.png"; sourceTree = "<group>"; };
		D44C0DAC14AE4FF800C3DEB0 /* shadeview-button-blue.png */ = {isa = PBXFileReference; lastKnownFileType = image.png; name = "shadeview-button-blue.png"; path = "Resources/png/shadeview-button-blue.png"; sourceTree = "<group>"; };
		D4588ADA1177497200AD2106 /* addTrackerController.h */ = {isa = PBXFileReference; fileEncoding = 4; lastKnownFileType = sourcecode.c.h; path = addTrackerController.h; sourceTree = "<group>"; };
		D4588ADB1177497200AD2106 /* addTrackerController.m */ = {isa = PBXFileReference; fileEncoding = 4; lastKnownFileType = sourcecode.c.objc; path = addTrackerController.m; sourceTree = "<group>"; };
		D4786E64148D864C000E144A /* Icon-Small@2x.png */ = {isa = PBXFileReference; lastKnownFileType = image.png; name = "Icon-Small@2x.png"; path = "Resources/png/Icon-Small@2x.png"; sourceTree = "<group>"; };
		D47FBB7E14A9E2D700CE0547 /* closedview-button.png */ = {isa = PBXFileReference; lastKnownFileType = image.png; name = "closedview-button.png"; path = "Resources/png/closedview-button.png"; sourceTree = "<group>"; };
		D47FBB8014A9E2E300CE0547 /* fullview-button.png */ = {isa = PBXFileReference; lastKnownFileType = image.png; name = "fullview-button.png"; path = "Resources/png/fullview-button.png"; sourceTree = "<group>"; };
		D47FBB8214A9E2F100CE0547 /* shadeview-button.png */ = {isa = PBXFileReference; lastKnownFileType = image.png; name = "shadeview-button.png"; path = "Resources/png/shadeview-button.png"; sourceTree = "<group>"; };
		D47FD4ED128C016600EFE8A7 /* voTBacc.xib */ = {isa = PBXFileReference; lastKnownFileType = file.xib; name = voTBacc.xib; path = Resources/xib/voTBacc.xib; sourceTree = "<group>"; };
		D47FD5D0128C22DC00EFE8A7 /* AddressBook.framework */ = {isa = PBXFileReference; lastKnownFileType = wrapper.framework; name = AddressBook.framework; path = System/Library/Frameworks/AddressBook.framework; sourceTree = SDKROOT; };
		D47FD5E1128C230700EFE8A7 /* AddressBookUI.framework */ = {isa = PBXFileReference; lastKnownFileType = wrapper.framework; name = AddressBookUI.framework; path = System/Library/Frameworks/AddressBookUI.framework; sourceTree = SDKROOT; };
		D482D1FE114F7E8900CE6BC8 /* libsqlite3.dylib */ = {isa = PBXFileReference; lastKnownFileType = "compiled.mach-o.dylib"; name = libsqlite3.dylib; path = usr/lib/libsqlite3.dylib; sourceTree = SDKROOT; };
		D482D270114FEB5E00CE6BC8 /* trackerList.h */ = {isa = PBXFileReference; fileEncoding = 4; lastKnownFileType = sourcecode.c.h; path = trackerList.h; sourceTree = "<group>"; };
		D482D271114FEB5E00CE6BC8 /* trackerList.m */ = {isa = PBXFileReference; fileEncoding = 4; lastKnownFileType = sourcecode.c.objc; path = trackerList.m; sourceTree = "<group>"; };
		D482D274114FEB7500CE6BC8 /* trackerObj.h */ = {isa = PBXFileReference; fileEncoding = 4; lastKnownFileType = sourcecode.c.h; path = trackerObj.h; sourceTree = "<group>"; };
		D482D275114FEB7500CE6BC8 /* trackerObj.m */ = {isa = PBXFileReference; fileEncoding = 4; lastKnownFileType = sourcecode.c.objc; path = trackerObj.m; sourceTree = "<group>"; };
		D487D7711260A77800298C1D /* configTVObjVC.h */ = {isa = PBXFileReference; fileEncoding = 4; lastKnownFileType = sourcecode.c.h; path = configTVObjVC.h; sourceTree = "<group>"; };
		D487D7721260A77800298C1D /* configTVObjVC.m */ = {isa = PBXFileReference; fileEncoding = 4; lastKnownFileType = sourcecode.c.objc; path = configTVObjVC.m; sourceTree = "<group>"; };
		D487D7731260A77800298C1D /* configTVObjVC.xib */ = {isa = PBXFileReference; lastKnownFileType = file.xib; name = configTVObjVC.xib; path = Resources/xib/configTVObjVC.xib; sourceTree = "<group>"; };
		D48F9E7D119AA02A00B37C93 /* valueObj.h */ = {isa = PBXFileReference; fileEncoding = 4; lastKnownFileType = sourcecode.c.h; path = valueObj.h; sourceTree = "<group>"; };
		D48F9E7E119AA02A00B37C93 /* valueObj.m */ = {isa = PBXFileReference; fileEncoding = 4; lastKnownFileType = sourcecode.c.objc; path = valueObj.m; sourceTree = "<group>"; };
		D48F9FAF119B4CA600B37C93 /* addValObjController.h */ = {isa = PBXFileReference; fileEncoding = 4; lastKnownFileType = sourcecode.c.h; path = addValObjController.h; sourceTree = "<group>"; };
		D48F9FB0119B4CA600B37C93 /* addValObjController.m */ = {isa = PBXFileReference; fileEncoding = 4; lastKnownFileType = sourcecode.c.objc; path = addValObjController.m; sourceTree = "<group>"; };
		D48F9FB1119B4CA600B37C93 /* addValObjController.xib */ = {isa = PBXFileReference; lastKnownFileType = file.xib; name = addValObjController.xib; path = Resources/xib/addValObjController.xib; sourceTree = "<group>"; };
		D49854AD12312A400009E458 /* useTrackerController.h */ = {isa = PBXFileReference; fileEncoding = 4; lastKnownFileType = sourcecode.c.h; path = useTrackerController.h; sourceTree = "<group>"; };
		D49854AE12312A400009E458 /* useTrackerController.m */ = {isa = PBXFileReference; fileEncoding = 4; lastKnownFileType = sourcecode.c.objc; path = useTrackerController.m; sourceTree = "<group>"; };
		D49854AF12312A400009E458 /* useTrackerController.xib */ = {isa = PBXFileReference; lastKnownFileType = file.xib; name = useTrackerController.xib; path = Resources/xib/useTrackerController.xib; sourceTree = "<group>"; };
		D4A314A81189BB6A00F062AC /* tObjBase.h */ = {isa = PBXFileReference; fileEncoding = 4; lastKnownFileType = sourcecode.c.h; path = tObjBase.h; sourceTree = "<group>"; };
		D4A314A91189BB6A00F062AC /* tObjBase.m */ = {isa = PBXFileReference; fileEncoding = 4; lastKnownFileType = sourcecode.c.objc; path = tObjBase.m; sourceTree = "<group>"; };
		D4A3150C11903F5E00F062AC /* addTrackerController.xib */ = {isa = PBXFileReference; lastKnownFileType = file.xib; name = addTrackerController.xib; path = Resources/xib/addTrackerController.xib; sourceTree = "<group>"; };
		D4A316C01191987E00F062AC /* MainWindow.xib */ = {isa = PBXFileReference; lastKnownFileType = file.xib; name = MainWindow.xib; path = Resources/xib/MainWindow.xib; sourceTree = "<group>"; };
		D4A317B11192B7C800F062AC /* configTlistController.h */ = {isa = PBXFileReference; fileEncoding = 4; lastKnownFileType = sourcecode.c.h; path = configTlistController.h; sourceTree = "<group>"; };
		D4A317B21192B7C800F062AC /* configTlistController.m */ = {isa = PBXFileReference; fileEncoding = 4; lastKnownFileType = sourcecode.c.objc; path = configTlistController.m; sourceTree = "<group>"; };
		D4A317B31192B7C800F062AC /* configTlistController.xib */ = {isa = PBXFileReference; lastKnownFileType = file.xib; name = configTlistController.xib; path = Resources/xib/configTlistController.xib; sourceTree = "<group>"; };
		D4A700CB13798874005E0E23 /* togd.h */ = {isa = PBXFileReference; fileEncoding = 4; lastKnownFileType = sourcecode.c.h; path = togd.h; sourceTree = "<group>"; };
		D4A700CC13798874005E0E23 /* togd.m */ = {isa = PBXFileReference; fileEncoding = 4; lastKnownFileType = sourcecode.c.objc; path = togd.m; sourceTree = "<group>"; };
		D4A700CE1379928D005E0E23 /* vogd.h */ = {isa = PBXFileReference; fileEncoding = 4; lastKnownFileType = sourcecode.c.h; path = vogd.h; sourceTree = "<group>"; };
		D4A700CF1379928D005E0E23 /* vogd.m */ = {isa = PBXFileReference; fileEncoding = 4; lastKnownFileType = sourcecode.c.objc; path = vogd.m; sourceTree = "<group>"; };
		D4A7B00512FCC28500ABC266 /* privDefs.h */ = {isa = PBXFileReference; fileEncoding = 4; lastKnownFileType = sourcecode.c.h; path = privDefs.h; sourceTree = "<group>"; };
		D4A8D07A14F114EC0028AD03 /* Settings.bundle */ = {isa = PBXFileReference; lastKnownFileType = "wrapper.plug-in"; path = Settings.bundle; sourceTree = "<group>"; };
		D4AE7C48148C0E290085EB78 /* Default@2x.png */ = {isa = PBXFileReference; lastKnownFileType = image.png; path = "Default@2x.png"; sourceTree = "<group>"; };
		D4B5E7C314478A1C002E30F2 /* Default.png */ = {isa = PBXFileReference; lastKnownFileType = image.png; path = Default.png; sourceTree = "<group>"; };
		D4B6AE66127EC33500C036ED /* voNumber.h */ = {isa = PBXFileReference; fileEncoding = 4; lastKnownFileType = sourcecode.c.h; path = voNumber.h; sourceTree = "<group>"; };
		D4B6AE67127EC33500C036ED /* voNumber.m */ = {isa = PBXFileReference; fileEncoding = 4; lastKnownFileType = sourcecode.c.objc; path = voNumber.m; sourceTree = "<group>"; };
		D4B6AE6B127EC34D00C036ED /* voText.h */ = {isa = PBXFileReference; fileEncoding = 4; lastKnownFileType = sourcecode.c.h; path = voText.h; sourceTree = "<group>"; };
		D4B6AE6C127EC34D00C036ED /* voText.m */ = {isa = PBXFileReference; fileEncoding = 4; lastKnownFileType = sourcecode.c.objc; path = voText.m; sourceTree = "<group>"; };
		D4B6AE70127EC35E00C036ED /* voTextBox.h */ = {isa = PBXFileReference; fileEncoding = 4; lastKnownFileType = sourcecode.c.h; path = voTextBox.h; sourceTree = "<group>"; };
		D4B6AE71127EC35E00C036ED /* voTextBox.m */ = {isa = PBXFileReference; fileEncoding = 4; lastKnownFileType = sourcecode.c.objc; path = voTextBox.m; sourceTree = "<group>"; };
		D4B6AE75127EC36E00C036ED /* voSlider.h */ = {isa = PBXFileReference; fileEncoding = 4; lastKnownFileType = sourcecode.c.h; path = voSlider.h; sourceTree = "<group>"; };
		D4B6AE76127EC36E00C036ED /* voSlider.m */ = {isa = PBXFileReference; fileEncoding = 4; lastKnownFileType = sourcecode.c.objc; path = voSlider.m; sourceTree = "<group>"; };
		D4B6AE7A127EC38300C036ED /* voChoice.h */ = {isa = PBXFileReference; fileEncoding = 4; lastKnownFileType = sourcecode.c.h; path = voChoice.h; sourceTree = "<group>"; };
		D4B6AE7B127EC38300C036ED /* voChoice.m */ = {isa = PBXFileReference; fileEncoding = 4; lastKnownFileType = sourcecode.c.objc; path = voChoice.m; sourceTree = "<group>"; };
		D4B6AE81127EC39800C036ED /* voBoolean.h */ = {isa = PBXFileReference; fileEncoding = 4; lastKnownFileType = sourcecode.c.h; path = voBoolean.h; sourceTree = "<group>"; };
		D4B6AE82127EC39800C036ED /* voBoolean.m */ = {isa = PBXFileReference; fileEncoding = 4; lastKnownFileType = sourcecode.c.objc; path = voBoolean.m; sourceTree = "<group>"; };
		D4B6AE88127EC3AA00C036ED /* voImage.h */ = {isa = PBXFileReference; fileEncoding = 4; lastKnownFileType = sourcecode.c.h; path = voImage.h; sourceTree = "<group>"; };
		D4B6AE89127EC3AA00C036ED /* voImage.m */ = {isa = PBXFileReference; fileEncoding = 4; lastKnownFileType = sourcecode.c.objc; path = voImage.m; sourceTree = "<group>"; };
		D4B6AE8D127EC3BE00C036ED /* voFunction.h */ = {isa = PBXFileReference; fileEncoding = 4; lastKnownFileType = sourcecode.c.h; path = voFunction.h; sourceTree = "<group>"; };
		D4B6AE8E127EC3BE00C036ED /* voFunction.m */ = {isa = PBXFileReference; fileEncoding = 4; lastKnownFileType = sourcecode.c.objc; path = voFunction.m; sourceTree = "<group>"; };
		D4B6AEB4127EE24D00C036ED /* voState.h */ = {isa = PBXFileReference; fileEncoding = 4; lastKnownFileType = sourcecode.c.h; path = voState.h; sourceTree = "<group>"; };
		D4B6AEB5127EE24D00C036ED /* voState.m */ = {isa = PBXFileReference; fileEncoding = 4; lastKnownFileType = sourcecode.c.objc; path = voState.m; sourceTree = "<group>"; };
		D4BBB57D12672C94000F8467 /* datePickerVC.h */ = {isa = PBXFileReference; fileEncoding = 4; lastKnownFileType = sourcecode.c.h; path = datePickerVC.h; sourceTree = "<group>"; };
		D4BBB57E12672C94000F8467 /* datePickerVC.m */ = {isa = PBXFileReference; fileEncoding = 4; lastKnownFileType = sourcecode.c.objc; path = datePickerVC.m; sourceTree = "<group>"; };
		D4BBB57F12672C94000F8467 /* datePickerVC.xib */ = {isa = PBXFileReference; lastKnownFileType = file.xib; name = datePickerVC.xib; path = Resources/xib/datePickerVC.xib; sourceTree = "<group>"; };
		D4C1873D128A971000A612C4 /* voDataEdit.h */ = {isa = PBXFileReference; fileEncoding = 4; lastKnownFileType = sourcecode.c.h; path = voDataEdit.h; sourceTree = "<group>"; };
		D4C1873E128A971000A612C4 /* voDataEdit.m */ = {isa = PBXFileReference; fileEncoding = 4; lastKnownFileType = sourcecode.c.objc; path = voDataEdit.m; sourceTree = "<group>"; };
		D4C1873F128A971000A612C4 /* voDataEdit.xib */ = {isa = PBXFileReference; lastKnownFileType = file.xib; name = voDataEdit.xib; path = Resources/xib/voDataEdit.xib; sourceTree = "<group>"; };
		D4C52109123F9DF700554627 /* blueButton.png */ = {isa = PBXFileReference; lastKnownFileType = image.png; name = blueButton.png; path = Resources/png/blueButton.png; sourceTree = "<group>"; };
		D4D7DCEA125B25E00049EB93 /* checked.png */ = {isa = PBXFileReference; lastKnownFileType = image.png; name = checked.png; path = Resources/png/checked.png; sourceTree = "<group>"; };
		D4D7DCEC125B25F70049EB93 /* unchecked.png */ = {isa = PBXFileReference; lastKnownFileType = image.png; name = unchecked.png; path = Resources/png/unchecked.png; sourceTree = "<group>"; };
		D4DC23FD138404140086E5F3 /* dpRslt.h */ = {isa = PBXFileReference; fileEncoding = 4; lastKnownFileType = sourcecode.c.h; path = dpRslt.h; sourceTree = "<group>"; };
		D4DC23FE138404140086E5F3 /* dpRslt.m */ = {isa = PBXFileReference; fileEncoding = 4; lastKnownFileType = sourcecode.c.objc; path = dpRslt.m; sourceTree = "<group>"; };
		D4E069A61343C4D7002B42C8 /* dbg-defs.h */ = {isa = PBXFileReference; fileEncoding = 4; lastKnownFileType = sourcecode.c.h; path = "dbg-defs.h"; sourceTree = "<group>"; };
		D4E5FDD5125283B1004BB4EC /* graphTrackerVC.h */ = {isa = PBXFileReference; fileEncoding = 4; lastKnownFileType = sourcecode.c.h; path = graphTrackerVC.h; sourceTree = "<group>"; };
		D4E5FDD6125283B1004BB4EC /* graphTrackerVC.m */ = {isa = PBXFileReference; fileEncoding = 4; lastKnownFileType = sourcecode.c.objc; path = graphTrackerVC.m; sourceTree = "<group>"; };
		D4E5FDD7125283B1004BB4EC /* graphTracker.xib */ = {isa = PBXFileReference; lastKnownFileType = file.xib; name = graphTracker.xib; path = Resources/xib/graphTracker.xib; sourceTree = "<group>"; };
		D4E5FE4412529300004BB4EC /* graphTrackerV.h */ = {isa = PBXFileReference; fileEncoding = 4; lastKnownFileType = sourcecode.c.h; path = graphTrackerV.h; sourceTree = "<group>"; };
		D4E5FE4512529300004BB4EC /* graphTrackerV.m */ = {isa = PBXFileReference; fileEncoding = 4; lastKnownFileType = sourcecode.c.objc; path = graphTrackerV.m; sourceTree = "<group>"; };
		D4E6198814A9E16A00025CB2 /* Icon.png */ = {isa = PBXFileReference; lastKnownFileType = image.png; name = Icon.png; path = Resources/png/Icon.png; sourceTree = "<group>"; };
		D4E8F8FF12E8682100A2526B /* privacyV.h */ = {isa = PBXFileReference; fileEncoding = 4; lastKnownFileType = sourcecode.c.h; path = privacyV.h; sourceTree = "<group>"; };
		D4E8F90012E8682100A2526B /* privacyV.m */ = {isa = PBXFileReference; fileEncoding = 4; lastKnownFileType = sourcecode.c.objc; path = privacyV.m; sourceTree = "<group>"; };
		D4E8F90212E868A300A2526B /* tictacV.h */ = {isa = PBXFileReference; fileEncoding = 4; lastKnownFileType = sourcecode.c.h; path = tictacV.h; sourceTree = "<group>"; };
		D4E8F90312E868A300A2526B /* tictacV.m */ = {isa = PBXFileReference; fileEncoding = 4; lastKnownFileType = sourcecode.c.objc; path = tictacV.m; sourceTree = "<group>"; };
		D4E8F90512E868B700A2526B /* ppwV.h */ = {isa = PBXFileReference; fileEncoding = 4; lastKnownFileType = sourcecode.c.h; path = ppwV.h; sourceTree = "<group>"; };
		D4E8F90612E868B700A2526B /* ppwV.m */ = {isa = PBXFileReference; fileEncoding = 4; lastKnownFileType = sourcecode.c.objc; path = ppwV.m; sourceTree = "<group>"; };
		D4F02396137BFF7F0097AC16 /* gtTitleV.h */ = {isa = PBXFileReference; fileEncoding = 4; lastKnownFileType = sourcecode.c.h; path = gtTitleV.h; sourceTree = "<group>"; };
		D4F02397137BFF7F0097AC16 /* gtTitleV.m */ = {isa = PBXFileReference; fileEncoding = 4; lastKnownFileType = sourcecode.c.objc; path = gtTitleV.m; sourceTree = "<group>"; };
		D4F02399137BFFA10097AC16 /* gtXAxV.h */ = {isa = PBXFileReference; fileEncoding = 4; lastKnownFileType = sourcecode.c.h; path = gtXAxV.h; sourceTree = "<group>"; };
		D4F0239A137BFFA10097AC16 /* gtXAxV.m */ = {isa = PBXFileReference; fileEncoding = 4; lastKnownFileType = sourcecode.c.objc; path = gtXAxV.m; sourceTree = "<group>"; };
		D4F0239C137BFFB30097AC16 /* gtYAxV.h */ = {isa = PBXFileReference; fileEncoding = 4; lastKnownFileType = sourcecode.c.h; path = gtYAxV.h; sourceTree = "<group>"; };
		D4F0239D137BFFB30097AC16 /* gtYAxV.m */ = {isa = PBXFileReference; fileEncoding = 4; lastKnownFileType = sourcecode.c.objc; path = gtYAxV.m; sourceTree = "<group>"; };
		D4F0239F137BFFD70097AC16 /* gtVONameV.h */ = {isa = PBXFileReference; fileEncoding = 4; lastKnownFileType = sourcecode.c.h; path = gtVONameV.h; sourceTree = "<group>"; };
		D4F023A0137BFFD80097AC16 /* gtVONameV.m */ = {isa = PBXFileReference; fileEncoding = 4; lastKnownFileType = sourcecode.c.objc; path = gtVONameV.m; sourceTree = "<group>"; };
		D4F023A2137C1D7A0097AC16 /* graphTracker-constants.h */ = {isa = PBXFileReference; fileEncoding = 4; lastKnownFileType = sourcecode.c.h; path = "graphTracker-constants.h"; sourceTree = "<group>"; };
		D4FF224712304E050047518A /* rt-types.plist */ = {isa = PBXFileReference; fileEncoding = 4; lastKnownFileType = text.plist.xml; name = "rt-types.plist"; path = "Classes/rt-types.plist"; sourceTree = "<group>"; };
/* End PBXFileReference section */

/* Begin PBXFrameworksBuildPhase section */
		1D60588F0D05DD3D006BFB54 /* Frameworks */ = {
			isa = PBXFrameworksBuildPhase;
			buildActionMask = 2147483647;
			files = (
				D40518B713787B5500F001BA /* QuartzCore.framework in Frameworks */,
				1D60589F0D05DD5A006BFB54 /* Foundation.framework in Frameworks */,
				1DF5F4E00D08C38300B7A737 /* UIKit.framework in Frameworks */,
				2892E4100DC94CBA00A64D0F /* CoreGraphics.framework in Frameworks */,
				D482D1FF114F7E8900CE6BC8 /* libsqlite3.dylib in Frameworks */,
				D47FD5D1128C22DC00EFE8A7 /* AddressBook.framework in Frameworks */,
				D47FD5E2128C230700EFE8A7 /* AddressBookUI.framework in Frameworks */,
			);
			runOnlyForDeploymentPostprocessing = 0;
		};
		D431F3AF14883A6600E2608A /* Frameworks */ = {
			isa = PBXFrameworksBuildPhase;
			buildActionMask = 2147483647;
			files = (
				D431F3B014883A6600E2608A /* QuartzCore.framework in Frameworks */,
				D431F3B114883A6600E2608A /* Foundation.framework in Frameworks */,
				D431F3B214883A6600E2608A /* UIKit.framework in Frameworks */,
				D431F3B314883A6600E2608A /* CoreGraphics.framework in Frameworks */,
				D431F3B414883A6600E2608A /* libsqlite3.dylib in Frameworks */,
				D431F3B514883A6600E2608A /* AddressBook.framework in Frameworks */,
				D431F3B614883A6600E2608A /* AddressBookUI.framework in Frameworks */,
			);
			runOnlyForDeploymentPostprocessing = 0;
		};
/* End PBXFrameworksBuildPhase section */

/* Begin PBXGroup section */
		080E96DDFE201D6D7F000001 /* Classes */ = {
			isa = PBXGroup;
			children = (
				1D3623240D0F684500981E51 /* rTrackerAppDelegate.h */,
				1D3623250D0F684500981E51 /* rTrackerAppDelegate.m */,
				D4956B2212E076B900B0BB9B /* views */,
				D4956B2012E0710100B0BB9B /* trackerObj classes */,
				D4956B1F12E06EAA00B0BB9B /* valueObj classes */,
				D43EE365133CBF4100737E76 /* csv support */,
				D43C494412FA129000B95AB7 /* gfx.h */,
				D427FD3F126C78D100A8ED9A /* rTracker-constants.h */,
				D4E069A61343C4D7002B42C8 /* dbg-defs.h */,
				D40DC28E133BEC2A00023D5D /* rTracker-resource.h */,
				D40DC28F133BEC3600023D5D /* rTracker-resource.m */,
			);
			path = Classes;
			sourceTree = "<group>";
		};
		19C28FACFE9D520D11CA2CBB /* Products */ = {
			isa = PBXGroup;
			children = (
				1D6058910D05DD3D006BFB54 /* rTracker.app */,
				D431F3BA14883A6600E2608A /* rTracker-iPad.app */,
			);
			name = Products;
			sourceTree = "<group>";
		};
		29B97314FDCFA39411CA2CEA /* CustomTemplate */ = {
			isa = PBXGroup;
			children = (
				D40518B613787B5500F001BA /* QuartzCore.framework */,
				080E96DDFE201D6D7F000001 /* Classes */,
				29B97315FDCFA39411CA2CEA /* Other Sources */,
				29B97317FDCFA39411CA2CEA /* Resources */,
				D431F3051488395D00E2608A /* Resources-iPad */,
				29B97323FDCFA39411CA2CEA /* Frameworks */,
				19C28FACFE9D520D11CA2CBB /* Products */,
			);
			name = CustomTemplate;
			sourceTree = "<group>";
		};
		29B97315FDCFA39411CA2CEA /* Other Sources */ = {
			isa = PBXGroup;
			children = (
				28A0AAE50D9B0CCF005BE974 /* rTracker_Prefix.pch */,
				29B97316FDCFA39411CA2CEA /* main.m */,
			);
			name = "Other Sources";
			sourceTree = "<group>";
		};
		29B97317FDCFA39411CA2CEA /* Resources */ = {
			isa = PBXGroup;
			children = (
				D4A8D07C14F1189B0028AD03 /* sample trackers */,
				D44C0DAC14AE4FF800C3DEB0 /* shadeview-button-blue.png */,
				D44C0DAA14AE4FE900C3DEB0 /* fullview-button-blue.png */,
				D44C0DA814AE4FE100C3DEB0 /* closedview-button-blue.png */,
				D47FBB8214A9E2F100CE0547 /* shadeview-button.png */,
				D47FBB8014A9E2E300CE0547 /* fullview-button.png */,
				D47FBB7E14A9E2D700CE0547 /* closedview-button.png */,
				D4E6198814A9E16A00025CB2 /* Icon.png */,
				D4786E64148D864C000E144A /* Icon-Small@2x.png */,
				D4B5E7C314478A1C002E30F2 /* Default.png */,
				D4AE7C48148C0E290085EB78 /* Default@2x.png */,
				D42744691438B8090011EFE6 /* iTunesArtwork */,
				D42744751438B86A0011EFE6 /* Icon@2x.png */,
				D427446D1438B84E0011EFE6 /* Icon-72.png */,
				D42744701438B84E0011EFE6 /* Icon-Small.png */,
				D427446F1438B84E0011EFE6 /* Icon-Small-50.png */,
				D4C1873F128A971000A612C4 /* voDataEdit.xib */,
				D47FD4ED128C016600EFE8A7 /* voTBacc.xib */,
				D4BBB57F12672C94000F8467 /* datePickerVC.xib */,
				D4E5FDD7125283B1004BB4EC /* graphTracker.xib */,
				D49854AF12312A400009E458 /* useTrackerController.xib */,
				D48F9FB1119B4CA600B37C93 /* addValObjController.xib */,
				D4A3150C11903F5E00F062AC /* addTrackerController.xib */,
				D4A316C01191987E00F062AC /* MainWindow.xib */,
				D4A317B31192B7C800F062AC /* configTlistController.xib */,
				D487D7731260A77800298C1D /* configTVObjVC.xib */,
				D4FF224712304E050047518A /* rt-types.plist */,
				8D1107310486CEB800E47090 /* Info.plist */,
				D4D7DCEA125B25E00049EB93 /* checked.png */,
				D4D7DCEC125B25F70049EB93 /* unchecked.png */,
				D44386CF13A2216800268248 /* bkgnd1-320-460.png */,
				D44386D313A2626500268248 /* bkgnd2-320-460.png */,
				D44386D113A2397F00268248 /* bkgnd-cell1-320-56.png */,
				D4C52109123F9DF700554627 /* blueButton.png */,
				D4A8D07A14F114EC0028AD03 /* Settings.bundle */,
			);
			name = Resources;
			sourceTree = "<group>";
		};
		29B97323FDCFA39411CA2CEA /* Frameworks */ = {
			isa = PBXGroup;
			children = (
				D482D1FE114F7E8900CE6BC8 /* libsqlite3.dylib */,
				1DF5F4DF0D08C38300B7A737 /* UIKit.framework */,
				1D30AB110D05D00D00671497 /* Foundation.framework */,
				2892E40F0DC94CBA00A64D0F /* CoreGraphics.framework */,
				D47FD5D0128C22DC00EFE8A7 /* AddressBook.framework */,
				D47FD5E1128C230700EFE8A7 /* AddressBookUI.framework */,
			);
			name = Frameworks;
			sourceTree = "<group>";
		};
		D431F3051488395D00E2608A /* Resources-iPad */ = {
			isa = PBXGroup;
			children = (
				D431F3BC14883A7E00E2608A /* addTrackerController.xib */,
				D431F3BD14883A7E00E2608A /* MainWindow.xib */,
				D431F3BE14883A7E00E2608A /* configTlistController.xib */,
				D431F3BF14883A7E00E2608A /* addValObjController.xib */,
				D431F3C014883A7E00E2608A /* useTrackerController.xib */,
				D431F3C114883A7E00E2608A /* graphTracker.xib */,
				D431F3C214883A7E00E2608A /* configTVObjVC.xib */,
				D431F3C314883A7E00E2608A /* datePickerVC.xib */,
				D431F3C414883A7E00E2608A /* voDataEdit.xib */,
				D431F3C514883A7E00E2608A /* voTBacc.xib */,
				D431F3061488396700E2608A /* addTrackerController.xib */,
				D431F3071488396700E2608A /* MainWindow.xib */,
				D431F3081488396700E2608A /* configTlistController.xib */,
				D431F3091488396700E2608A /* addValObjController.xib */,
				D431F30A1488396700E2608A /* useTrackerController.xib */,
				D431F30B1488396700E2608A /* graphTracker.xib */,
				D431F30C1488396700E2608A /* configTVObjVC.xib */,
				D431F30D1488396700E2608A /* datePickerVC.xib */,
				D431F30E1488396700E2608A /* voDataEdit.xib */,
				D431F30F1488396700E2608A /* voTBacc.xib */,
			);
			name = "Resources-iPad";
			sourceTree = "<group>";
		};
		D43EE365133CBF4100737E76 /* csv support */ = {
			isa = PBXGroup;
			children = (
				D43EE366133CBF8D00737E76 /* CSVParser.h */,
				D43EE367133CBF8D00737E76 /* CSVParser.m */,
			);
			name = "csv support";
			sourceTree = "<group>";
		};
		D4956B1F12E06EAA00B0BB9B /* valueObj classes */ = {
			isa = PBXGroup;
			children = (
				D48F9E7D119AA02A00B37C93 /* valueObj.h */,
				D48F9E7E119AA02A00B37C93 /* valueObj.m */,
				D4B6AEB4127EE24D00C036ED /* voState.h */,
				D4B6AEB5127EE24D00C036ED /* voState.m */,
				D4B6AE8D127EC3BE00C036ED /* voFunction.h */,
				D4B6AE8E127EC3BE00C036ED /* voFunction.m */,
				D4B6AE75127EC36E00C036ED /* voSlider.h */,
				D4B6AE76127EC36E00C036ED /* voSlider.m */,
				D4B6AE88127EC3AA00C036ED /* voImage.h */,
				D4B6AE89127EC3AA00C036ED /* voImage.m */,
				D4B6AE81127EC39800C036ED /* voBoolean.h */,
				D4B6AE82127EC39800C036ED /* voBoolean.m */,
				D4B6AE7A127EC38300C036ED /* voChoice.h */,
				D4B6AE7B127EC38300C036ED /* voChoice.m */,
				D4B6AE70127EC35E00C036ED /* voTextBox.h */,
				D4B6AE71127EC35E00C036ED /* voTextBox.m */,
				D4C1873D128A971000A612C4 /* voDataEdit.h */,
				D4C1873E128A971000A612C4 /* voDataEdit.m */,
				D4B6AE6B127EC34D00C036ED /* voText.h */,
				D4B6AE6C127EC34D00C036ED /* voText.m */,
				D4B6AE66127EC33500C036ED /* voNumber.h */,
				D4B6AE67127EC33500C036ED /* voNumber.m */,
				D4A700CE1379928D005E0E23 /* vogd.h */,
				D4A700CF1379928D005E0E23 /* vogd.m */,
			);
			name = "valueObj classes";
			sourceTree = "<group>";
		};
		D4956B2012E0710100B0BB9B /* trackerObj classes */ = {
			isa = PBXGroup;
			children = (
				D4A314A81189BB6A00F062AC /* tObjBase.h */,
				D4A314A91189BB6A00F062AC /* tObjBase.m */,
				D482D270114FEB5E00CE6BC8 /* trackerList.h */,
				D482D271114FEB5E00CE6BC8 /* trackerList.m */,
				D482D274114FEB7500CE6BC8 /* trackerObj.h */,
				D482D275114FEB7500CE6BC8 /* trackerObj.m */,
				D4A700CB13798874005E0E23 /* togd.h */,
				D4A700CC13798874005E0E23 /* togd.m */,
			);
			name = "trackerObj classes";
			sourceTree = "<group>";
		};
		D4956B2112E0717400B0BB9B /* graphing */ = {
			isa = PBXGroup;
			children = (
				D4E5FE4412529300004BB4EC /* graphTrackerV.h */,
				D4E5FE4512529300004BB4EC /* graphTrackerV.m */,
				D4E5FDD5125283B1004BB4EC /* graphTrackerVC.h */,
				D4E5FDD6125283B1004BB4EC /* graphTrackerVC.m */,
				D4F02396137BFF7F0097AC16 /* gtTitleV.h */,
				D4F02397137BFF7F0097AC16 /* gtTitleV.m */,
				D4F02399137BFFA10097AC16 /* gtXAxV.h */,
				D4F0239A137BFFA10097AC16 /* gtXAxV.m */,
				D4F0239C137BFFB30097AC16 /* gtYAxV.h */,
				D4F0239D137BFFB30097AC16 /* gtYAxV.m */,
				D4F0239F137BFFD70097AC16 /* gtVONameV.h */,
				D4F023A0137BFFD80097AC16 /* gtVONameV.m */,
				D4F023A2137C1D7A0097AC16 /* graphTracker-constants.h */,
			);
			name = graphing;
			sourceTree = "<group>";
		};
		D4956B2212E076B900B0BB9B /* views */ = {
			isa = PBXGroup;
			children = (
				28C286DF0D94DF7D0034E888 /* RootViewController.h */,
				28C286E00D94DF7D0034E888 /* RootViewController.m */,
				D4588ADA1177497200AD2106 /* addTrackerController.h */,
				D4588ADB1177497200AD2106 /* addTrackerController.m */,
				D48F9FAF119B4CA600B37C93 /* addValObjController.h */,
				D48F9FB0119B4CA600B37C93 /* addValObjController.m */,
				D487D7711260A77800298C1D /* configTVObjVC.h */,
				D487D7721260A77800298C1D /* configTVObjVC.m */,
				D4A317B11192B7C800F062AC /* configTlistController.h */,
				D4A317B21192B7C800F062AC /* configTlistController.m */,
				D49854AD12312A400009E458 /* useTrackerController.h */,
				D49854AE12312A400009E458 /* useTrackerController.m */,
				D4956B2112E0717400B0BB9B /* graphing */,
				D4956B2312E076E100B0BB9B /* date picker */,
				D4956B3A12E0886E00B0BB9B /* privacy */,
			);
			name = views;
			sourceTree = "<group>";
		};
		D4956B2312E076E100B0BB9B /* date picker */ = {
			isa = PBXGroup;
			children = (
				D4BBB57D12672C94000F8467 /* datePickerVC.h */,
				D4BBB57E12672C94000F8467 /* datePickerVC.m */,
				D4DC23FD138404140086E5F3 /* dpRslt.h */,
				D4DC23FE138404140086E5F3 /* dpRslt.m */,
			);
			name = "date picker";
			sourceTree = "<group>";
		};
		D4956B3A12E0886E00B0BB9B /* privacy */ = {
			isa = PBXGroup;
			children = (
				D4E8F8FF12E8682100A2526B /* privacyV.h */,
				D4E8F90012E8682100A2526B /* privacyV.m */,
				D4E8F90212E868A300A2526B /* tictacV.h */,
				D4E8F90312E868A300A2526B /* tictacV.m */,
				D4E8F90512E868B700A2526B /* ppwV.h */,
				D4E8F90612E868B700A2526B /* ppwV.m */,
				D4A7B00512FCC28500ABC266 /* privDefs.h */,
			);
			name = privacy;
			sourceTree = "<group>";
		};
		D4A8D07C14F1189B0028AD03 /* sample trackers */ = {
			isa = PBXGroup;
			children = (
				D40B401214EF133600828B90 /* Menus & Guests_in.plist */,
				D40B400814EF124800828B90 /* Attitude_in.plist */,
				D40B400914EF124800828B90 /* Car_in.plist */,
				D40B400A14EF124800828B90 /* Exercise_in.plist */,
				D40B400B14EF124800828B90 /* Sleep_in.plist */,
				D40B400C14EF124800828B90 /* Weight stats_in.plist */,
			);
			name = "sample trackers";
			sourceTree = "<group>";
		};
/* End PBXGroup section */

/* Begin PBXNativeTarget section */
		1D6058900D05DD3D006BFB54 /* rTracker */ = {
			isa = PBXNativeTarget;
			buildConfigurationList = 1D6058960D05DD3E006BFB54 /* Build configuration list for PBXNativeTarget "rTracker" */;
			buildPhases = (
				1D60588D0D05DD3D006BFB54 /* Resources */,
				1D60588E0D05DD3D006BFB54 /* Sources */,
				1D60588F0D05DD3D006BFB54 /* Frameworks */,
			);
			buildRules = (
			);
			dependencies = (
			);
			name = rTracker;
			productName = rTracker;
			productReference = 1D6058910D05DD3D006BFB54 /* rTracker.app */;
			productType = "com.apple.product-type.application";
		};
		D431F36B14883A6600E2608A /* rTracker-iPad */ = {
			isa = PBXNativeTarget;
			buildConfigurationList = D431F3B714883A6600E2608A /* Build configuration list for PBXNativeTarget "rTracker-iPad" */;
			buildPhases = (
				D431F36C14883A6600E2608A /* Resources */,
				D431F38914883A6600E2608A /* Sources */,
				D431F3AF14883A6600E2608A /* Frameworks */,
			);
			buildRules = (
			);
			dependencies = (
			);
			name = "rTracker-iPad";
			productName = rTracker;
			productReference = D431F3BA14883A6600E2608A /* rTracker-iPad.app */;
			productType = "com.apple.product-type.application";
		};
/* End PBXNativeTarget section */

/* Begin PBXProject section */
		29B97313FDCFA39411CA2CEA /* Project object */ = {
			isa = PBXProject;
			attributes = {
				LastUpgradeCheck = 0420;
				ORGANIZATIONNAME = "Robert T. Miller";
			};
			buildConfigurationList = C01FCF4E08A954540054247B /* Build configuration list for PBXProject "rTracker" */;
			compatibilityVersion = "Xcode 3.2";
			developmentRegion = English;
			hasScannedForEncodings = 1;
			knownRegions = (
				English,
				Japanese,
				French,
				German,
				en,
			);
			mainGroup = 29B97314FDCFA39411CA2CEA /* CustomTemplate */;
			projectDirPath = "";
			projectRoot = "";
			targets = (
				1D6058900D05DD3D006BFB54 /* rTracker */,
				D431F36B14883A6600E2608A /* rTracker-iPad */,
			);
		};
/* End PBXProject section */

/* Begin PBXResourcesBuildPhase section */
		1D60588D0D05DD3D006BFB54 /* Resources */ = {
			isa = PBXResourcesBuildPhase;
			buildActionMask = 2147483647;
			files = (
				D4A3150D11903F5E00F062AC /* addTrackerController.xib in Resources */,
				D4A316C11191987E00F062AC /* MainWindow.xib in Resources */,
				D4A317B51192B7C800F062AC /* configTlistController.xib in Resources */,
				D48F9FB3119B4CA600B37C93 /* addValObjController.xib in Resources */,
				D4FF224812304E050047518A /* rt-types.plist in Resources */,
				D49854B112312A400009E458 /* useTrackerController.xib in Resources */,
				D4C5210A123F9DF700554627 /* blueButton.png in Resources */,
				D4E5FDD9125283B1004BB4EC /* graphTracker.xib in Resources */,
				D4D7DCEB125B25E00049EB93 /* checked.png in Resources */,
				D4D7DCED125B25F70049EB93 /* unchecked.png in Resources */,
				D487D7751260A77800298C1D /* configTVObjVC.xib in Resources */,
				D4BBB58112672C94000F8467 /* datePickerVC.xib in Resources */,
				D4C18741128A971000A612C4 /* voDataEdit.xib in Resources */,
				D47FD4EE128C016600EFE8A7 /* voTBacc.xib in Resources */,
				D44386D013A2216800268248 /* bkgnd1-320-460.png in Resources */,
				D44386D213A2397F00268248 /* bkgnd-cell1-320-56.png in Resources */,
				D44386D413A2626500268248 /* bkgnd2-320-460.png in Resources */,
				D427446A1438B8090011EFE6 /* iTunesArtwork in Resources */,
				D42744711438B84E0011EFE6 /* Icon-72.png in Resources */,
				D42744731438B84E0011EFE6 /* Icon-Small-50.png in Resources */,
				D42744741438B84E0011EFE6 /* Icon-Small.png in Resources */,
				D42744761438B86A0011EFE6 /* Icon@2x.png in Resources */,
				D4B5E7C414478A1C002E30F2 /* Default.png in Resources */,
				D4AE7C49148C0E290085EB78 /* Default@2x.png in Resources */,
				D4786E65148D864C000E144A /* Icon-Small@2x.png in Resources */,
				D4E6198914A9E16A00025CB2 /* Icon.png in Resources */,
				D47FBB7F14A9E2D700CE0547 /* closedview-button.png in Resources */,
				D47FBB8114A9E2E300CE0547 /* fullview-button.png in Resources */,
				D47FBB8314A9E2F100CE0547 /* shadeview-button.png in Resources */,
				D44C0DA914AE4FE100C3DEB0 /* closedview-button-blue.png in Resources */,
				D44C0DAB14AE4FE900C3DEB0 /* fullview-button-blue.png in Resources */,
				D44C0DAD14AE4FF800C3DEB0 /* shadeview-button-blue.png in Resources */,
				D40B400D14EF124800828B90 /* Attitude_in.plist in Resources */,
				D40B400E14EF124800828B90 /* Car_in.plist in Resources */,
				D40B400F14EF124800828B90 /* Exercise_in.plist in Resources */,
				D40B401014EF124800828B90 /* Sleep_in.plist in Resources */,
				D40B401114EF124800828B90 /* Weight stats_in.plist in Resources */,
				D40B401314EF133600828B90 /* Menus & Guests_in.plist in Resources */,
				D4A8D07B14F114EC0028AD03 /* Settings.bundle in Resources */,
			);
			runOnlyForDeploymentPostprocessing = 0;
		};
		D431F36C14883A6600E2608A /* Resources */ = {
			isa = PBXResourcesBuildPhase;
			buildActionMask = 2147483647;
			files = (
				D431F37114883A6600E2608A /* rt-types.plist in Resources */,
				D431F37314883A6600E2608A /* blueButton.png in Resources */,
				D431F37514883A6600E2608A /* checked.png in Resources */,
				D431F37614883A6600E2608A /* unchecked.png in Resources */,
				D431F37C14883A6600E2608A /* bkgnd1-320-460.png in Resources */,
				D431F37D14883A6600E2608A /* bkgnd-cell1-320-56.png in Resources */,
				D431F37E14883A6600E2608A /* bkgnd2-320-460.png in Resources */,
				D431F37F14883A6600E2608A /* iTunesArtwork in Resources */,
				D431F38014883A6600E2608A /* Icon-72.png in Resources */,
				D431F38214883A6600E2608A /* Icon-Small-50.png in Resources */,
				D431F38314883A6600E2608A /* Icon-Small.png in Resources */,
				D431F38414883A6600E2608A /* Icon@2x.png in Resources */,
				D431F38814883A6600E2608A /* Default.png in Resources */,
				D431F3C614883A7E00E2608A /* addTrackerController.xib in Resources */,
				D431F3C714883A7E00E2608A /* MainWindow.xib in Resources */,
				D431F3C814883A7E00E2608A /* configTlistController.xib in Resources */,
				D431F3C914883A7E00E2608A /* addValObjController.xib in Resources */,
				D431F3CA14883A7E00E2608A /* useTrackerController.xib in Resources */,
				D431F3CB14883A7E00E2608A /* graphTracker.xib in Resources */,
				D431F3CC14883A7E00E2608A /* configTVObjVC.xib in Resources */,
				D431F3CD14883A7E00E2608A /* datePickerVC.xib in Resources */,
				D431F3CE14883A7E00E2608A /* voDataEdit.xib in Resources */,
				D431F3CF14883A7E00E2608A /* voTBacc.xib in Resources */,
				D40B401414EF133600828B90 /* Menus & Guests_in.plist in Resources */,
			);
			runOnlyForDeploymentPostprocessing = 0;
		};
/* End PBXResourcesBuildPhase section */

/* Begin PBXSourcesBuildPhase section */
		1D60588E0D05DD3D006BFB54 /* Sources */ = {
			isa = PBXSourcesBuildPhase;
			buildActionMask = 2147483647;
			files = (
				1D60589B0D05DD56006BFB54 /* main.m in Sources */,
				1D3623260D0F684500981E51 /* rTrackerAppDelegate.m in Sources */,
				28C286E10D94DF7D0034E888 /* RootViewController.m in Sources */,
				D482D272114FEB5E00CE6BC8 /* trackerList.m in Sources */,
				D482D276114FEB7500CE6BC8 /* trackerObj.m in Sources */,
				D4588ADC1177497200AD2106 /* addTrackerController.m in Sources */,
				D4A314AA1189BB6A00F062AC /* tObjBase.m in Sources */,
				D4A317B41192B7C800F062AC /* configTlistController.m in Sources */,
				D48F9E7F119AA02A00B37C93 /* valueObj.m in Sources */,
				D48F9FB2119B4CA600B37C93 /* addValObjController.m in Sources */,
				D49854B012312A400009E458 /* useTrackerController.m in Sources */,
				D4E5FDD8125283B1004BB4EC /* graphTrackerVC.m in Sources */,
				D4E5FE4612529300004BB4EC /* graphTrackerV.m in Sources */,
				D487D7741260A77800298C1D /* configTVObjVC.m in Sources */,
				D4BBB58012672C94000F8467 /* datePickerVC.m in Sources */,
				D4B6AE68127EC33500C036ED /* voNumber.m in Sources */,
				D4B6AE6D127EC34D00C036ED /* voText.m in Sources */,
				D4B6AE72127EC35E00C036ED /* voTextBox.m in Sources */,
				D4B6AE77127EC36E00C036ED /* voSlider.m in Sources */,
				D4B6AE7C127EC38300C036ED /* voChoice.m in Sources */,
				D4B6AE83127EC39800C036ED /* voBoolean.m in Sources */,
				D4B6AE8A127EC3AA00C036ED /* voImage.m in Sources */,
				D4B6AE8F127EC3BE00C036ED /* voFunction.m in Sources */,
				D4B6AEB6127EE24D00C036ED /* voState.m in Sources */,
				D4C18740128A971000A612C4 /* voDataEdit.m in Sources */,
				D4E8F90112E8682100A2526B /* privacyV.m in Sources */,
				D4E8F90412E868A300A2526B /* tictacV.m in Sources */,
				D4E8F90712E868B700A2526B /* ppwV.m in Sources */,
				D40DC290133BEC3F00023D5D /* rTracker-resource.m in Sources */,
				D43EE368133CBF8D00737E76 /* CSVParser.m in Sources */,
				D4A700CD13798874005E0E23 /* togd.m in Sources */,
				D4A700D01379928E005E0E23 /* vogd.m in Sources */,
				D4F02398137BFF7F0097AC16 /* gtTitleV.m in Sources */,
				D4F0239B137BFFA10097AC16 /* gtXAxV.m in Sources */,
				D4F0239E137BFFB40097AC16 /* gtYAxV.m in Sources */,
				D4F023A1137BFFD80097AC16 /* gtVONameV.m in Sources */,
				D4DC23FF138404140086E5F3 /* dpRslt.m in Sources */,
			);
			runOnlyForDeploymentPostprocessing = 0;
		};
		D431F38914883A6600E2608A /* Sources */ = {
			isa = PBXSourcesBuildPhase;
			buildActionMask = 2147483647;
			files = (
				D431F38A14883A6600E2608A /* main.m in Sources */,
				D431F38B14883A6600E2608A /* rTrackerAppDelegate.m in Sources */,
				D431F38C14883A6600E2608A /* RootViewController.m in Sources */,
				D431F38D14883A6600E2608A /* trackerList.m in Sources */,
				D431F38E14883A6600E2608A /* trackerObj.m in Sources */,
				D431F38F14883A6600E2608A /* addTrackerController.m in Sources */,
				D431F39014883A6600E2608A /* tObjBase.m in Sources */,
				D431F39114883A6600E2608A /* configTlistController.m in Sources */,
				D431F39214883A6600E2608A /* valueObj.m in Sources */,
				D431F39314883A6600E2608A /* addValObjController.m in Sources */,
				D431F39414883A6600E2608A /* useTrackerController.m in Sources */,
				D431F39514883A6600E2608A /* graphTrackerVC.m in Sources */,
				D431F39614883A6600E2608A /* graphTrackerV.m in Sources */,
				D431F39714883A6600E2608A /* configTVObjVC.m in Sources */,
				D431F39814883A6600E2608A /* datePickerVC.m in Sources */,
				D431F39914883A6600E2608A /* voNumber.m in Sources */,
				D431F39A14883A6600E2608A /* voText.m in Sources */,
				D431F39B14883A6600E2608A /* voTextBox.m in Sources */,
				D431F39C14883A6600E2608A /* voSlider.m in Sources */,
				D431F39D14883A6600E2608A /* voChoice.m in Sources */,
				D431F39E14883A6600E2608A /* voBoolean.m in Sources */,
				D431F39F14883A6600E2608A /* voImage.m in Sources */,
				D431F3A014883A6600E2608A /* voFunction.m in Sources */,
				D431F3A114883A6600E2608A /* voState.m in Sources */,
				D431F3A214883A6600E2608A /* voDataEdit.m in Sources */,
				D431F3A314883A6600E2608A /* privacyV.m in Sources */,
				D431F3A414883A6600E2608A /* tictacV.m in Sources */,
				D431F3A514883A6600E2608A /* ppwV.m in Sources */,
				D431F3A614883A6600E2608A /* rTracker-resource.m in Sources */,
				D431F3A714883A6600E2608A /* CSVParser.m in Sources */,
				D431F3A814883A6600E2608A /* togd.m in Sources */,
				D431F3A914883A6600E2608A /* vogd.m in Sources */,
				D431F3AA14883A6600E2608A /* gtTitleV.m in Sources */,
				D431F3AB14883A6600E2608A /* gtXAxV.m in Sources */,
				D431F3AC14883A6600E2608A /* gtYAxV.m in Sources */,
				D431F3AD14883A6600E2608A /* gtVONameV.m in Sources */,
				D431F3AE14883A6600E2608A /* dpRslt.m in Sources */,
			);
			runOnlyForDeploymentPostprocessing = 0;
		};
/* End PBXSourcesBuildPhase section */

/* Begin XCBuildConfiguration section */
		1D6058940D05DD3E006BFB54 /* Debug */ = {
			isa = XCBuildConfiguration;
			buildSettings = {
				ALWAYS_SEARCH_USER_PATHS = NO;
				ARCHS = (
					armv6,
					"$(ARCHS_STANDARD_32_BIT)",
				);
				CODE_SIGN_IDENTITY = "iPhone Developer: Robert Miller (RYQM87BL43)";
				"CODE_SIGN_IDENTITY[sdk=iphoneos*]" = "iPhone Developer";
				COPY_PHASE_STRIP = NO;
				DEBUG_INFORMATION_FORMAT = "dwarf-with-dsym";
				GCC_DEBUGGING_SYMBOLS = default;
				GCC_DYNAMIC_NO_PIC = NO;
				GCC_OPTIMIZATION_LEVEL = 0;
				GCC_PRECOMPILE_PREFIX_HEADER = YES;
				GCC_PREFIX_HEADER = rTracker_Prefix.pch;
				GCC_VERSION = com.apple.compilers.llvm.clang.1_0;
				INFOPLIST_FILE = Info.plist;
				IPHONEOS_DEPLOYMENT_TARGET = 4.2;
				OTHER_CFLAGS = "";
				OTHER_CPLUSPLUSFLAGS = "";
				PRODUCT_NAME = rTracker;
				PROVISIONING_PROFILE = "018B9FC9-28E6-45D4-B5D6-294B2BEDE88B";
				"PROVISIONING_PROFILE[sdk=iphoneos*]" = "";
				SDKROOT = iphoneos;
				TARGETED_DEVICE_FAMILY = 1;
				VALID_ARCHS = "armv6 armv7 $(ARCHS_STANDARD_32_BIT)";
			};
			name = Debug;
		};
		1D6058950D05DD3E006BFB54 /* Release */ = {
			isa = XCBuildConfiguration;
			buildSettings = {
				ALWAYS_SEARCH_USER_PATHS = NO;
				ARCHS = (
					armv6,
					"$(ARCHS_STANDARD_32_BIT)",
				);
				CODE_SIGN_IDENTITY = "iPhone Developer: Robert Miller (RYQM87BL43)";
				"CODE_SIGN_IDENTITY[sdk=iphoneos*]" = "iPhone Developer";
				COPY_PHASE_STRIP = YES;
				DEBUG_INFORMATION_FORMAT = "dwarf-with-dsym";
				GCC_DEBUGGING_SYMBOLS = default;
				GCC_PRECOMPILE_PREFIX_HEADER = YES;
				GCC_PREFIX_HEADER = rTracker_Prefix.pch;
				GCC_VERSION = com.apple.compilers.llvm.clang.1_0;
				INFOPLIST_FILE = Info.plist;
				IPHONEOS_DEPLOYMENT_TARGET = 4.2;
				OTHER_CFLAGS = "";
				OTHER_CODE_SIGN_FLAGS = "";
				OTHER_CPLUSPLUSFLAGS = "";
				PRODUCT_NAME = rTracker;
				PROVISIONING_PROFILE = "018B9FC9-28E6-45D4-B5D6-294B2BEDE88B";
				"PROVISIONING_PROFILE[sdk=iphoneos*]" = "";
				SDKROOT = iphoneos;
				TARGETED_DEVICE_FAMILY = 1;
				VALID_ARCHS = "armv6 armv7 $(ARCHS_STANDARD_32_BIT)";
			};
			name = Release;
		};
		C01FCF4F08A954540054247B /* Debug */ = {
			isa = XCBuildConfiguration;
			buildSettings = {
				ARCHS = "$(ARCHS_STANDARD_32_BIT)";
				CODE_SIGN_IDENTITY = "";
				"CODE_SIGN_IDENTITY[sdk=iphoneos*]" = "";
				GCC_C_LANGUAGE_STANDARD = c99;
				GCC_VERSION = com.apple.compilers.llvm.clang.1_0;
				GCC_WARN_ABOUT_RETURN_TYPE = YES;
				GCC_WARN_UNUSED_VARIABLE = YES;
				IPHONEOS_DEPLOYMENT_TARGET = 4.2;
				"New Setting" = "";
				OTHER_CFLAGS = "-D__IPHONE_OS_VERSION_MIN_REQUIRED=040100";
				SDKROOT = iphoneos;
			};
			name = Debug;
		};
		C01FCF5008A954540054247B /* Release */ = {
			isa = XCBuildConfiguration;
			buildSettings = {
				ARCHS = "$(ARCHS_STANDARD_32_BIT)";
				CODE_SIGN_IDENTITY = "";
				"CODE_SIGN_IDENTITY[sdk=iphoneos*]" = "";
				GCC_C_LANGUAGE_STANDARD = c99;
				GCC_VERSION = com.apple.compilers.llvm.clang.1_0;
				GCC_WARN_ABOUT_RETURN_TYPE = YES;
				GCC_WARN_UNUSED_VARIABLE = YES;
				IPHONEOS_DEPLOYMENT_TARGET = 4.2;
				OTHER_CODE_SIGN_FLAGS = "-D__IPHONE_OS_VERSION_MIN_REQUIRED=040100";
				SDKROOT = iphoneos;
			};
			name = Release;
		};
		D431F3B814883A6600E2608A /* Debug */ = {
			isa = XCBuildConfiguration;
			buildSettings = {
				ALWAYS_SEARCH_USER_PATHS = NO;
				ARCHS = "$(ARCHS_STANDARD_32_BIT)";
				COPY_PHASE_STRIP = NO;
				DEBUG_INFORMATION_FORMAT = "dwarf-with-dsym";
				GCC_DEBUGGING_SYMBOLS = default;
				GCC_DYNAMIC_NO_PIC = NO;
				GCC_OPTIMIZATION_LEVEL = 0;
				GCC_PRECOMPILE_PREFIX_HEADER = YES;
				GCC_PREFIX_HEADER = rTracker_Prefix.pch;
				GCC_VERSION = com.apple.compilers.llvm.clang.1_0;
				INFOPLIST_FILE = Info.plist;
				IPHONEOS_DEPLOYMENT_TARGET = 4.3;
				PRODUCT_NAME = "rTracker-iPad";
				TARGETED_DEVICE_FAMILY = 2;
				VALID_ARCHS = "armv6 armv7 $(ARCHS_STANDARD_32_BIT)";
			};
			name = Debug;
		};
		D431F3B914883A6600E2608A /* Release */ = {
			isa = XCBuildConfiguration;
			buildSettings = {
				ALWAYS_SEARCH_USER_PATHS = NO;
				ARCHS = "$(ARCHS_STANDARD_32_BIT)";
				COPY_PHASE_STRIP = YES;
				DEBUG_INFORMATION_FORMAT = "dwarf-with-dsym";
				GCC_DEBUGGING_SYMBOLS = default;
				GCC_PRECOMPILE_PREFIX_HEADER = YES;
				GCC_PREFIX_HEADER = rTracker_Prefix.pch;
				GCC_VERSION = com.apple.compilers.llvm.clang.1_0;
				INFOPLIST_FILE = Info.plist;
				IPHONEOS_DEPLOYMENT_TARGET = 4.3;
				OTHER_CFLAGS = "-D__IPHONE_OS_VERSION_MIN_REQUIRED=040100";
				OTHER_CODE_SIGN_FLAGS = "";
				PRODUCT_NAME = "rTracker-iPad";
				TARGETED_DEVICE_FAMILY = 2;
				VALID_ARCHS = "armv6 armv7 $(ARCHS_STANDARD_32_BIT)";
			};
			name = Release;
		};
		D4786E66148D8B35000E144A /* AppStore */ = {
			isa = XCBuildConfiguration;
			buildSettings = {
				ARCHS = "$(ARCHS_STANDARD_32_BIT)";
				CODE_SIGN_IDENTITY = "";
				"CODE_SIGN_IDENTITY[sdk=iphoneos*]" = "";
				GCC_C_LANGUAGE_STANDARD = c99;
				GCC_VERSION = com.apple.compilers.llvm.clang.1_0;
				GCC_WARN_ABOUT_RETURN_TYPE = YES;
				GCC_WARN_UNUSED_VARIABLE = YES;
				IPHONEOS_DEPLOYMENT_TARGET = 4.2;
				OTHER_CODE_SIGN_FLAGS = "-D__IPHONE_OS_VERSION_MIN_REQUIRED=040100";
				SDKROOT = iphoneos;
			};
			name = AppStore;
		};
		D4786E67148D8B35000E144A /* AppStore */ = {
			isa = XCBuildConfiguration;
			buildSettings = {
				ALWAYS_SEARCH_USER_PATHS = NO;
				ARCHS = (
					armv6,
					"$(ARCHS_STANDARD_32_BIT)",
				);
				CODE_SIGN_IDENTITY = "iPhone Distribution";
				"CODE_SIGN_IDENTITY[sdk=iphoneos*]" = "iPhone Distribution";
				COPY_PHASE_STRIP = YES;
				DEBUG_INFORMATION_FORMAT = "dwarf-with-dsym";
				GCC_DEBUGGING_SYMBOLS = default;
				GCC_PRECOMPILE_PREFIX_HEADER = YES;
				GCC_PREFIX_HEADER = rTracker_Prefix.pch;
				GCC_VERSION = com.apple.compilers.llvm.clang.1_0;
				INFOPLIST_FILE = Info.plist;
				IPHONEOS_DEPLOYMENT_TARGET = 4.2;
				OTHER_CFLAGS = "";
				OTHER_CODE_SIGN_FLAGS = "";
				OTHER_CPLUSPLUSFLAGS = "";
				PRODUCT_NAME = rTracker;
				PROVISIONING_PROFILE = "";
				"PROVISIONING_PROFILE[sdk=iphoneos*]" = "";
				SDKROOT = iphoneos;
				TARGETED_DEVICE_FAMILY = 1;
				VALIDATE_PRODUCT = YES;
				VALID_ARCHS = "armv6 armv7 $(ARCHS_STANDARD_32_BIT)";
			};
			name = AppStore;
		};
		D4786E68148D8B35000E144A /* AppStore */ = {
			isa = XCBuildConfiguration;
			buildSettings = {
				ALWAYS_SEARCH_USER_PATHS = NO;
				ARCHS = "$(ARCHS_STANDARD_32_BIT)";
				COPY_PHASE_STRIP = YES;
				DEBUG_INFORMATION_FORMAT = "dwarf-with-dsym";
				GCC_DEBUGGING_SYMBOLS = default;
				GCC_PRECOMPILE_PREFIX_HEADER = YES;
				GCC_PREFIX_HEADER = rTracker_Prefix.pch;
				GCC_VERSION = com.apple.compilers.llvm.clang.1_0;
				INFOPLIST_FILE = Info.plist;
				IPHONEOS_DEPLOYMENT_TARGET = 4.3;
				OTHER_CFLAGS = "-D__IPHONE_OS_VERSION_MIN_REQUIRED=040100";
				OTHER_CODE_SIGN_FLAGS = "";
				PRODUCT_NAME = "rTracker-iPad";
				TARGETED_DEVICE_FAMILY = 2;
				VALID_ARCHS = "armv6 armv7 $(ARCHS_STANDARD_32_BIT)";
			};
			name = AppStore;
		};
/* End XCBuildConfiguration section */

/* Begin XCConfigurationList section */
		1D6058960D05DD3E006BFB54 /* Build configuration list for PBXNativeTarget "rTracker" */ = {
			isa = XCConfigurationList;
			buildConfigurations = (
				1D6058940D05DD3E006BFB54 /* Debug */,
				1D6058950D05DD3E006BFB54 /* Release */,
				D4786E67148D8B35000E144A /* AppStore */,
			);
			defaultConfigurationIsVisible = 0;
			defaultConfigurationName = Release;
		};
		C01FCF4E08A954540054247B /* Build configuration list for PBXProject "rTracker" */ = {
			isa = XCConfigurationList;
			buildConfigurations = (
				C01FCF4F08A954540054247B /* Debug */,
				C01FCF5008A954540054247B /* Release */,
				D4786E66148D8B35000E144A /* AppStore */,
			);
			defaultConfigurationIsVisible = 0;
			defaultConfigurationName = Release;
		};
		D431F3B714883A6600E2608A /* Build configuration list for PBXNativeTarget "rTracker-iPad" */ = {
			isa = XCConfigurationList;
			buildConfigurations = (
				D431F3B814883A6600E2608A /* Debug */,
				D431F3B914883A6600E2608A /* Release */,
				D4786E68148D8B35000E144A /* AppStore */,
			);
			defaultConfigurationIsVisible = 0;
			defaultConfigurationName = Release;
		};
/* End XCConfigurationList section */
	};
	rootObject = 29B97313FDCFA39411CA2CEA /* Project object */;
}
